// !$*UTF8*$!
{
	archiveVersion = 1;
	classes = {
	};
	objectVersion = 46;
	objects = {

/* Begin PBXBuildFile section */
		0E8C8A21D207F5ECE5F491FD /* Pods_ChocolateExamples.framework in Frameworks */ = {isa = PBXBuildFile; fileRef = 46DF0C8CA86DA4C907DC1D91 /* Pods_ChocolateExamples.framework */; };
		7E1FA4BAC41B4036D458F48A /* Pods_ChocolateTests.framework in Frameworks */ = {isa = PBXBuildFile; fileRef = DB2EB873348F0DA86401960D /* Pods_ChocolateTests.framework */; };
		B04B345A1D8C260C004150B6 /* ProductTableViewController.swift in Sources */ = {isa = PBXBuildFile; fileRef = B04B34591D8C260C004150B6 /* ProductTableViewController.swift */; };
		B04B347D1D8E1CF0004150B6 /* Cache.xcdatamodeld in Sources */ = {isa = PBXBuildFile; fileRef = B04B347B1D8E1CF0004150B6 /* Cache.xcdatamodeld */; };
		B04B34A11D8E20A0004150B6 /* CHCacheEntity+CoreDataClass.swift in Sources */ = {isa = PBXBuildFile; fileRef = B04B349F1D8E20A0004150B6 /* CHCacheEntity+CoreDataClass.swift */; };
		B04B34A21D8E20A0004150B6 /* CHCacheEntity+CoreDataProperties.swift in Sources */ = {isa = PBXBuildFile; fileRef = B04B34A01D8E20A0004150B6 /* CHCacheEntity+CoreDataProperties.swift */; };
		B04B34A41D8E23B5004150B6 /* CHCacheEntity+Extensions.swift in Sources */ = {isa = PBXBuildFile; fileRef = B04B34A31D8E23B5004150B6 /* CHCacheEntity+Extensions.swift */; };
		B05C6F951D8A9D6E00B32BB6 /* CHCacheTests.swift in Sources */ = {isa = PBXBuildFile; fileRef = B05C6F941D8A9D6E00B32BB6 /* CHCacheTests.swift */; };
		B05C6F971D8AD9C600B32BB6 /* CHCacheTableViewControllerTests.swift in Sources */ = {isa = PBXBuildFile; fileRef = B05C6F961D8AD9C600B32BB6 /* CHCacheTableViewControllerTests.swift */; };
		B05C6FA61D8BD74C00B32BB6 /* CHCacheWebRequest.swift in Sources */ = {isa = PBXBuildFile; fileRef = B05C6FA51D8BD74C00B32BB6 /* CHCacheWebRequest.swift */; };
		B05C6FAE1D8C231800B32BB6 /* FriendListTableViewController.swift in Sources */ = {isa = PBXBuildFile; fileRef = B05C6FAD1D8C231800B32BB6 /* FriendListTableViewController.swift */; };
		B0615C1B1D894B0A00816654 /* CHTableViewCell.swift in Sources */ = {isa = PBXBuildFile; fileRef = B0615C191D89496900816654 /* CHTableViewCell.swift */; };
		B06989251D3099A700EA6123 /* CHCacheTableViewController.swift in Sources */ = {isa = PBXBuildFile; fileRef = B06989241D3099A700EA6123 /* CHCacheTableViewController.swift */; };
		B069892B1D30D41900EA6123 /* CHCache.swift in Sources */ = {isa = PBXBuildFile; fileRef = B069892A1D30D41900EA6123 /* CHCache.swift */; };
		B07193AB1D9380D6000CBD79 /* UIButton+Extensions.swift in Sources */ = {isa = PBXBuildFile; fileRef = B07193AA1D9380D6000CBD79 /* UIButton+Extensions.swift */; };
		B07193AF1D93843A000CBD79 /* CHButton.swift in Sources */ = {isa = PBXBuildFile; fileRef = B07193AE1D93843A000CBD79 /* CHButton.swift */; };
		B0956AD11D2928BB000BC8D0 /* CHFetchedResultsTableViewControllerTests.swift in Sources */ = {isa = PBXBuildFile; fileRef = B0956AD01D2928BB000BC8D0 /* CHFetchedResultsTableViewControllerTests.swift */; };
		B0971CF01D2804E3005BBEE8 /* Chocolate.h in Headers */ = {isa = PBXBuildFile; fileRef = B0971CEF1D2804E3005BBEE8 /* Chocolate.h */; settings = {ATTRIBUTES = (Public, ); }; };
		B0971CFD1D280536005BBEE8 /* CHTableViewController.swift in Sources */ = {isa = PBXBuildFile; fileRef = B0971CF81D280536005BBEE8 /* CHTableViewController.swift */; };
		B0971D011D280536005BBEE8 /* UITableView+Extensions.swift in Sources */ = {isa = PBXBuildFile; fileRef = B0971CFC1D280536005BBEE8 /* UITableView+Extensions.swift */; };
		B0971D0B1D280ADB005BBEE8 /* Chocolate.framework in Frameworks */ = {isa = PBXBuildFile; fileRef = B0971CEC1D2804E3005BBEE8 /* Chocolate.framework */; };
		B0971D1E1D280D3F005BBEE8 /* AppDelegate.swift in Sources */ = {isa = PBXBuildFile; fileRef = B0971D1D1D280D3F005BBEE8 /* AppDelegate.swift */; };
		B0971D251D280D3F005BBEE8 /* Assets.xcassets in Resources */ = {isa = PBXBuildFile; fileRef = B0971D241D280D3F005BBEE8 /* Assets.xcassets */; };
		B0971D281D280D3F005BBEE8 /* LaunchScreen.storyboard in Resources */ = {isa = PBXBuildFile; fileRef = B0971D261D280D3F005BBEE8 /* LaunchScreen.storyboard */; };
		B0971D2E1D280D9D005BBEE8 /* CatalogueTableViewController.swift in Sources */ = {isa = PBXBuildFile; fileRef = B0971D2D1D280D9D005BBEE8 /* CatalogueTableViewController.swift */; };
		B09AF0721D36439A000B7429 /* UIView+Extensions.swift in Sources */ = {isa = PBXBuildFile; fileRef = B09AF0711D36439A000B7429 /* UIView+Extensions.swift */; };
		C76B9EBBDBF2F971C92FE3E1 /* Pods_Chocolate.framework in Frameworks */ = {isa = PBXBuildFile; fileRef = 1C92F168C563933353892412 /* Pods_Chocolate.framework */; };
/* End PBXBuildFile section */

/* Begin PBXContainerItemProxy section */
		B0971D0C1D280ADB005BBEE8 /* PBXContainerItemProxy */ = {
			isa = PBXContainerItemProxy;
			containerPortal = B0971CE31D2804E3005BBEE8 /* Project object */;
			proxyType = 1;
			remoteGlobalIDString = B0971CEB1D2804E3005BBEE8;
			remoteInfo = Chocolate;
		};
/* End PBXContainerItemProxy section */

/* Begin PBXCopyFilesBuildPhase section */
		B09AF08A1D38A7D5000B7429 /* Embed Frameworks */ = {
			isa = PBXCopyFilesBuildPhase;
			buildActionMask = 2147483647;
			dstPath = "";
			dstSubfolderSpec = 10;
			files = (
			);
			name = "Embed Frameworks";
			runOnlyForDeploymentPostprocessing = 0;
		};
/* End PBXCopyFilesBuildPhase section */

/* Begin PBXFileReference section */
		1C92F168C563933353892412 /* Pods_Chocolate.framework */ = {isa = PBXFileReference; explicitFileType = wrapper.framework; includeInIndex = 0; path = Pods_Chocolate.framework; sourceTree = BUILT_PRODUCTS_DIR; };
		1C95EDB4730184A4FBB91017 /* Pods-ChocolateExamples.debug.xcconfig */ = {isa = PBXFileReference; includeInIndex = 1; lastKnownFileType = text.xcconfig; name = "Pods-ChocolateExamples.debug.xcconfig"; path = "Pods/Target Support Files/Pods-ChocolateExamples/Pods-ChocolateExamples.debug.xcconfig"; sourceTree = "<group>"; };
		4539DC08D3686B326C60734D /* Pods-ChocolateTests.debug.xcconfig */ = {isa = PBXFileReference; includeInIndex = 1; lastKnownFileType = text.xcconfig; name = "Pods-ChocolateTests.debug.xcconfig"; path = "Pods/Target Support Files/Pods-ChocolateTests/Pods-ChocolateTests.debug.xcconfig"; sourceTree = "<group>"; };
		46DF0C8CA86DA4C907DC1D91 /* Pods_ChocolateExamples.framework */ = {isa = PBXFileReference; explicitFileType = wrapper.framework; includeInIndex = 0; path = Pods_ChocolateExamples.framework; sourceTree = BUILT_PRODUCTS_DIR; };
		7E8F728D1C8C04C6F8C6D03B /* Pods-Chocolate.debug.xcconfig */ = {isa = PBXFileReference; includeInIndex = 1; lastKnownFileType = text.xcconfig; name = "Pods-Chocolate.debug.xcconfig"; path = "Pods/Target Support Files/Pods-Chocolate/Pods-Chocolate.debug.xcconfig"; sourceTree = "<group>"; };
		9D0E48B1A0D49BE4EF638191 /* Pods-ChocolateExamples.release.xcconfig */ = {isa = PBXFileReference; includeInIndex = 1; lastKnownFileType = text.xcconfig; name = "Pods-ChocolateExamples.release.xcconfig"; path = "Pods/Target Support Files/Pods-ChocolateExamples/Pods-ChocolateExamples.release.xcconfig"; sourceTree = "<group>"; };
		B04B34591D8C260C004150B6 /* ProductTableViewController.swift */ = {isa = PBXFileReference; fileEncoding = 4; lastKnownFileType = sourcecode.swift; path = ProductTableViewController.swift; sourceTree = "<group>"; };
		B04B347C1D8E1CF0004150B6 /* Cache.xcdatamodel */ = {isa = PBXFileReference; lastKnownFileType = wrapper.xcdatamodel; path = Cache.xcdatamodel; sourceTree = "<group>"; };
		B04B349F1D8E20A0004150B6 /* CHCacheEntity+CoreDataClass.swift */ = {isa = PBXFileReference; fileEncoding = 4; lastKnownFileType = sourcecode.swift; path = "CHCacheEntity+CoreDataClass.swift"; sourceTree = "<group>"; };
		B04B34A01D8E20A0004150B6 /* CHCacheEntity+CoreDataProperties.swift */ = {isa = PBXFileReference; fileEncoding = 4; lastKnownFileType = sourcecode.swift; path = "CHCacheEntity+CoreDataProperties.swift"; sourceTree = "<group>"; };
		B04B34A31D8E23B5004150B6 /* CHCacheEntity+Extensions.swift */ = {isa = PBXFileReference; fileEncoding = 4; lastKnownFileType = sourcecode.swift; path = "CHCacheEntity+Extensions.swift"; sourceTree = "<group>"; };
		B05C6F941D8A9D6E00B32BB6 /* CHCacheTests.swift */ = {isa = PBXFileReference; fileEncoding = 4; lastKnownFileType = sourcecode.swift; path = CHCacheTests.swift; sourceTree = "<group>"; };
		B05C6F961D8AD9C600B32BB6 /* CHCacheTableViewControllerTests.swift */ = {isa = PBXFileReference; fileEncoding = 4; lastKnownFileType = sourcecode.swift; path = CHCacheTableViewControllerTests.swift; sourceTree = "<group>"; };
		B05C6FA51D8BD74C00B32BB6 /* CHCacheWebRequest.swift */ = {isa = PBXFileReference; fileEncoding = 4; lastKnownFileType = sourcecode.swift; path = CHCacheWebRequest.swift; sourceTree = "<group>"; };
		B05C6FAD1D8C231800B32BB6 /* FriendListTableViewController.swift */ = {isa = PBXFileReference; fileEncoding = 4; lastKnownFileType = sourcecode.swift; path = FriendListTableViewController.swift; sourceTree = "<group>"; };
		B0615C191D89496900816654 /* CHTableViewCell.swift */ = {isa = PBXFileReference; fileEncoding = 4; lastKnownFileType = sourcecode.swift; path = CHTableViewCell.swift; sourceTree = "<group>"; };
		B06989241D3099A700EA6123 /* CHCacheTableViewController.swift */ = {isa = PBXFileReference; fileEncoding = 4; lastKnownFileType = sourcecode.swift; path = CHCacheTableViewController.swift; sourceTree = "<group>"; };
		B069892A1D30D41900EA6123 /* CHCache.swift */ = {isa = PBXFileReference; fileEncoding = 4; lastKnownFileType = sourcecode.swift; path = CHCache.swift; sourceTree = "<group>"; };
		B07193AA1D9380D6000CBD79 /* UIButton+Extensions.swift */ = {isa = PBXFileReference; fileEncoding = 4; lastKnownFileType = sourcecode.swift; path = "UIButton+Extensions.swift"; sourceTree = "<group>"; };
		B07193AE1D93843A000CBD79 /* CHButton.swift */ = {isa = PBXFileReference; fileEncoding = 4; lastKnownFileType = sourcecode.swift; path = CHButton.swift; sourceTree = "<group>"; };
		B0956AD01D2928BB000BC8D0 /* CHFetchedResultsTableViewControllerTests.swift */ = {isa = PBXFileReference; fileEncoding = 4; lastKnownFileType = sourcecode.swift; path = CHFetchedResultsTableViewControllerTests.swift; sourceTree = "<group>"; };
		B0971CEC1D2804E3005BBEE8 /* Chocolate.framework */ = {isa = PBXFileReference; explicitFileType = wrapper.framework; includeInIndex = 0; path = Chocolate.framework; sourceTree = BUILT_PRODUCTS_DIR; };
		B0971CEF1D2804E3005BBEE8 /* Chocolate.h */ = {isa = PBXFileReference; lastKnownFileType = sourcecode.c.h; path = Chocolate.h; sourceTree = "<group>"; };
		B0971CF11D2804E3005BBEE8 /* Info.plist */ = {isa = PBXFileReference; lastKnownFileType = text.plist.xml; path = Info.plist; sourceTree = "<group>"; };
		B0971CF81D280536005BBEE8 /* CHTableViewController.swift */ = {isa = PBXFileReference; fileEncoding = 4; lastKnownFileType = sourcecode.swift; path = CHTableViewController.swift; sourceTree = "<group>"; };
		B0971CFC1D280536005BBEE8 /* UITableView+Extensions.swift */ = {isa = PBXFileReference; fileEncoding = 4; lastKnownFileType = sourcecode.swift; path = "UITableView+Extensions.swift"; sourceTree = "<group>"; };
		B0971D061D280ADB005BBEE8 /* ChocolateTests.xctest */ = {isa = PBXFileReference; explicitFileType = wrapper.cfbundle; includeInIndex = 0; path = ChocolateTests.xctest; sourceTree = BUILT_PRODUCTS_DIR; };
		B0971D0A1D280ADB005BBEE8 /* Info.plist */ = {isa = PBXFileReference; lastKnownFileType = text.plist.xml; path = Info.plist; sourceTree = "<group>"; };
		B0971D1B1D280D3F005BBEE8 /* ChocolateExamples.app */ = {isa = PBXFileReference; explicitFileType = wrapper.application; includeInIndex = 0; path = ChocolateExamples.app; sourceTree = BUILT_PRODUCTS_DIR; };
		B0971D1D1D280D3F005BBEE8 /* AppDelegate.swift */ = {isa = PBXFileReference; lastKnownFileType = sourcecode.swift; path = AppDelegate.swift; sourceTree = "<group>"; };
		B0971D241D280D3F005BBEE8 /* Assets.xcassets */ = {isa = PBXFileReference; lastKnownFileType = folder.assetcatalog; path = Assets.xcassets; sourceTree = "<group>"; };
		B0971D271D280D3F005BBEE8 /* Base */ = {isa = PBXFileReference; lastKnownFileType = file.storyboard; name = Base; path = Base.lproj/LaunchScreen.storyboard; sourceTree = "<group>"; };
		B0971D291D280D3F005BBEE8 /* Info.plist */ = {isa = PBXFileReference; lastKnownFileType = text.plist.xml; path = Info.plist; sourceTree = "<group>"; };
		B0971D2D1D280D9D005BBEE8 /* CatalogueTableViewController.swift */ = {isa = PBXFileReference; fileEncoding = 4; lastKnownFileType = sourcecode.swift; path = CatalogueTableViewController.swift; sourceTree = "<group>"; };
		B09AF0711D36439A000B7429 /* UIView+Extensions.swift */ = {isa = PBXFileReference; fileEncoding = 4; lastKnownFileType = sourcecode.swift; path = "UIView+Extensions.swift"; sourceTree = "<group>"; };
		C4D2123F94C697F706DB077A /* Pods-Chocolate.release.xcconfig */ = {isa = PBXFileReference; includeInIndex = 1; lastKnownFileType = text.xcconfig; name = "Pods-Chocolate.release.xcconfig"; path = "Pods/Target Support Files/Pods-Chocolate/Pods-Chocolate.release.xcconfig"; sourceTree = "<group>"; };
		D78F3C1D7D39914B74F963F6 /* Pods-ChocolateTests.release.xcconfig */ = {isa = PBXFileReference; includeInIndex = 1; lastKnownFileType = text.xcconfig; name = "Pods-ChocolateTests.release.xcconfig"; path = "Pods/Target Support Files/Pods-ChocolateTests/Pods-ChocolateTests.release.xcconfig"; sourceTree = "<group>"; };
		DB2EB873348F0DA86401960D /* Pods_ChocolateTests.framework */ = {isa = PBXFileReference; explicitFileType = wrapper.framework; includeInIndex = 0; path = Pods_ChocolateTests.framework; sourceTree = BUILT_PRODUCTS_DIR; };
/* End PBXFileReference section */

/* Begin PBXFrameworksBuildPhase section */
		B0971CE81D2804E3005BBEE8 /* Frameworks */ = {
			isa = PBXFrameworksBuildPhase;
			buildActionMask = 2147483647;
			files = (
				C76B9EBBDBF2F971C92FE3E1 /* Pods_Chocolate.framework in Frameworks */,
			);
			runOnlyForDeploymentPostprocessing = 0;
		};
		B0971D031D280ADB005BBEE8 /* Frameworks */ = {
			isa = PBXFrameworksBuildPhase;
			buildActionMask = 2147483647;
			files = (
				B0971D0B1D280ADB005BBEE8 /* Chocolate.framework in Frameworks */,
				7E1FA4BAC41B4036D458F48A /* Pods_ChocolateTests.framework in Frameworks */,
			);
			runOnlyForDeploymentPostprocessing = 0;
		};
		B0971D181D280D3F005BBEE8 /* Frameworks */ = {
			isa = PBXFrameworksBuildPhase;
			buildActionMask = 2147483647;
			files = (
				0E8C8A21D207F5ECE5F491FD /* Pods_ChocolateExamples.framework in Frameworks */,
			);
			runOnlyForDeploymentPostprocessing = 0;
		};
/* End PBXFrameworksBuildPhase section */

/* Begin PBXGroup section */
		3C18FFB08F067E8A35B08D3B /* Pods */ = {
			isa = PBXGroup;
			children = (
				7E8F728D1C8C04C6F8C6D03B /* Pods-Chocolate.debug.xcconfig */,
				C4D2123F94C697F706DB077A /* Pods-Chocolate.release.xcconfig */,
				1C95EDB4730184A4FBB91017 /* Pods-ChocolateExamples.debug.xcconfig */,
				9D0E48B1A0D49BE4EF638191 /* Pods-ChocolateExamples.release.xcconfig */,
				4539DC08D3686B326C60734D /* Pods-ChocolateTests.debug.xcconfig */,
				D78F3C1D7D39914B74F963F6 /* Pods-ChocolateTests.release.xcconfig */,
			);
			name = Pods;
			sourceTree = "<group>";
		};
		4A14E9FC9ECCA82C5BA706C0 /* Frameworks */ = {
			isa = PBXGroup;
			children = (
				1C92F168C563933353892412 /* Pods_Chocolate.framework */,
				DB2EB873348F0DA86401960D /* Pods_ChocolateTests.framework */,
				46DF0C8CA86DA4C907DC1D91 /* Pods_ChocolateExamples.framework */,
			);
			name = Frameworks;
			sourceTree = "<group>";
		};
		B0971CE21D2804E3005BBEE8 = {
			isa = PBXGroup;
			children = (
				B0971CF71D280536005BBEE8 /* Source */,
				B0971CEE1D2804E3005BBEE8 /* Chocolate */,
				B0971D071D280ADB005BBEE8 /* ChocolateTests */,
				B0971D1C1D280D3F005BBEE8 /* ChocolateExamples */,
				B0971CED1D2804E3005BBEE8 /* Products */,
				4A14E9FC9ECCA82C5BA706C0 /* Frameworks */,
				3C18FFB08F067E8A35B08D3B /* Pods */,
			);
			sourceTree = "<group>";
		};
		B0971CED1D2804E3005BBEE8 /* Products */ = {
			isa = PBXGroup;
			children = (
				B0971CEC1D2804E3005BBEE8 /* Chocolate.framework */,
				B0971D061D280ADB005BBEE8 /* ChocolateTests.xctest */,
				B0971D1B1D280D3F005BBEE8 /* ChocolateExamples.app */,
			);
			name = Products;
			sourceTree = "<group>";
		};
		B0971CEE1D2804E3005BBEE8 /* Chocolate */ = {
			isa = PBXGroup;
			children = (
				B0971CEF1D2804E3005BBEE8 /* Chocolate.h */,
				B0971CF11D2804E3005BBEE8 /* Info.plist */,
			);
			path = Chocolate;
			sourceTree = "<group>";
		};
		B0971CF71D280536005BBEE8 /* Source */ = {
			isa = PBXGroup;
			children = (
				B0971CFC1D280536005BBEE8 /* UITableView+Extensions.swift */,
				B09AF0711D36439A000B7429 /* UIView+Extensions.swift */,
				B07193AA1D9380D6000CBD79 /* UIButton+Extensions.swift */,
				B07193AE1D93843A000CBD79 /* CHButton.swift */,
				B0615C191D89496900816654 /* CHTableViewCell.swift */,
				B0971CF81D280536005BBEE8 /* CHTableViewController.swift */,
				B069892A1D30D41900EA6123 /* CHCache.swift */,
				B06989241D3099A700EA6123 /* CHCacheTableViewController.swift */,
				B05C6FA51D8BD74C00B32BB6 /* CHCacheWebRequest.swift */,
				B04B349F1D8E20A0004150B6 /* CHCacheEntity+CoreDataClass.swift */,
				B04B34A01D8E20A0004150B6 /* CHCacheEntity+CoreDataProperties.swift */,
				B04B34A31D8E23B5004150B6 /* CHCacheEntity+Extensions.swift */,
				B04B347B1D8E1CF0004150B6 /* Cache.xcdatamodeld */,
			);
			name = Source;
			path = ../Source;
			sourceTree = "<group>";
		};
		B0971D071D280ADB005BBEE8 /* ChocolateTests */ = {
			isa = PBXGroup;
			children = (
				B0956AD01D2928BB000BC8D0 /* CHFetchedResultsTableViewControllerTests.swift */,
				B05C6F941D8A9D6E00B32BB6 /* CHCacheTests.swift */,
				B05C6F961D8AD9C600B32BB6 /* CHCacheTableViewControllerTests.swift */,
				B0971D0A1D280ADB005BBEE8 /* Info.plist */,
			);
			path = ChocolateTests;
			sourceTree = "<group>";
		};
		B0971D1C1D280D3F005BBEE8 /* ChocolateExamples */ = {
			isa = PBXGroup;
			children = (
				B0971D1D1D280D3F005BBEE8 /* AppDelegate.swift */,
				B0971D2D1D280D9D005BBEE8 /* CatalogueTableViewController.swift */,
				B05C6FAD1D8C231800B32BB6 /* FriendListTableViewController.swift */,
				B04B34591D8C260C004150B6 /* ProductTableViewController.swift */,
				B0971D241D280D3F005BBEE8 /* Assets.xcassets */,
				B0971D261D280D3F005BBEE8 /* LaunchScreen.storyboard */,
				B0971D291D280D3F005BBEE8 /* Info.plist */,
			);
			path = ChocolateExamples;
			sourceTree = "<group>";
		};
/* End PBXGroup section */

/* Begin PBXHeadersBuildPhase section */
		B0971CE91D2804E3005BBEE8 /* Headers */ = {
			isa = PBXHeadersBuildPhase;
			buildActionMask = 2147483647;
			files = (
				B0971CF01D2804E3005BBEE8 /* Chocolate.h in Headers */,
			);
			runOnlyForDeploymentPostprocessing = 0;
		};
/* End PBXHeadersBuildPhase section */

/* Begin PBXNativeTarget section */
		B0971CEB1D2804E3005BBEE8 /* Chocolate */ = {
			isa = PBXNativeTarget;
			buildConfigurationList = B0971CF41D2804E3005BBEE8 /* Build configuration list for PBXNativeTarget "Chocolate" */;
			buildPhases = (
				1087F525C2FB76B4FD4EA942 /* [CP] Check Pods Manifest.lock */,
				B0971CE71D2804E3005BBEE8 /* Sources */,
				B0971CE81D2804E3005BBEE8 /* Frameworks */,
				B0971CE91D2804E3005BBEE8 /* Headers */,
				B0971CEA1D2804E3005BBEE8 /* Resources */,
				68611D77E5F8FD75C583C412 /* [CP] Copy Pods Resources */,
			);
			buildRules = (
			);
			dependencies = (
			);
			name = Chocolate;
			productName = Chocolate;
			productReference = B0971CEC1D2804E3005BBEE8 /* Chocolate.framework */;
			productType = "com.apple.product-type.framework";
		};
		B0971D051D280ADB005BBEE8 /* ChocolateTests */ = {
			isa = PBXNativeTarget;
			buildConfigurationList = B0971D0E1D280ADB005BBEE8 /* Build configuration list for PBXNativeTarget "ChocolateTests" */;
			buildPhases = (
				0199359CC572BAC3BE4C6770 /* [CP] Check Pods Manifest.lock */,
				B0971D021D280ADB005BBEE8 /* Sources */,
				B0971D031D280ADB005BBEE8 /* Frameworks */,
				B0971D041D280ADB005BBEE8 /* Resources */,
				6D065BA6BD2D6BBA0C5B063C /* [CP] Embed Pods Frameworks */,
				9501F9834C673B1A49E67874 /* [CP] Copy Pods Resources */,
			);
			buildRules = (
			);
			dependencies = (
				B0971D0D1D280ADB005BBEE8 /* PBXTargetDependency */,
			);
			name = ChocolateTests;
			productName = ChocolateTests;
			productReference = B0971D061D280ADB005BBEE8 /* ChocolateTests.xctest */;
			productType = "com.apple.product-type.bundle.unit-test";
		};
		B0971D1A1D280D3F005BBEE8 /* ChocolateExamples */ = {
			isa = PBXNativeTarget;
			buildConfigurationList = B0971D2A1D280D3F005BBEE8 /* Build configuration list for PBXNativeTarget "ChocolateExamples" */;
			buildPhases = (
				6D68BAA13F9DCAFA2529E9B2 /* [CP] Check Pods Manifest.lock */,
				B0971D171D280D3F005BBEE8 /* Sources */,
				B0971D181D280D3F005BBEE8 /* Frameworks */,
				B0971D191D280D3F005BBEE8 /* Resources */,
				B09AF08A1D38A7D5000B7429 /* Embed Frameworks */,
				E984A3202967D49247218D7B /* [CP] Embed Pods Frameworks */,
				A1C1BD8418E38D81F5961965 /* [CP] Copy Pods Resources */,
			);
			buildRules = (
			);
			dependencies = (
			);
			name = ChocolateExamples;
			productName = ChocolateExamples;
			productReference = B0971D1B1D280D3F005BBEE8 /* ChocolateExamples.app */;
			productType = "com.apple.product-type.application";
		};
/* End PBXNativeTarget section */

/* Begin PBXProject section */
		B0971CE31D2804E3005BBEE8 /* Project object */ = {
			isa = PBXProject;
			attributes = {
				LastSwiftUpdateCheck = 0800;
				LastUpgradeCheck = 0800;
				ORGANIZATIONNAME = "Tiny World";
				TargetAttributes = {
					B0971CEB1D2804E3005BBEE8 = {
						CreatedOnToolsVersion = 8.0;
						DevelopmentTeam = 5CE6946X84;
						DevelopmentTeamName = "Yu Chi Hsu";
						ProvisioningStyle = Automatic;
					};
					B0971D051D280ADB005BBEE8 = {
						CreatedOnToolsVersion = 8.0;
						DevelopmentTeam = 5CE6946X84;
						DevelopmentTeamName = "Yu Chi Hsu";
						ProvisioningStyle = Automatic;
					};
					B0971D1A1D280D3F005BBEE8 = {
						CreatedOnToolsVersion = 8.0;
						DevelopmentTeam = 5CE6946X84;
						DevelopmentTeamName = "Yu Chi Hsu";
						LastSwiftMigration = 0800;
						ProvisioningStyle = Automatic;
					};
				};
			};
			buildConfigurationList = B0971CE61D2804E3005BBEE8 /* Build configuration list for PBXProject "Chocolate" */;
			compatibilityVersion = "Xcode 3.2";
			developmentRegion = English;
			hasScannedForEncodings = 0;
			knownRegions = (
				en,
				Base,
			);
			mainGroup = B0971CE21D2804E3005BBEE8;
			productRefGroup = B0971CED1D2804E3005BBEE8 /* Products */;
			projectDirPath = "";
			projectRoot = "";
			targets = (
				B0971CEB1D2804E3005BBEE8 /* Chocolate */,
				B0971D051D280ADB005BBEE8 /* ChocolateTests */,
				B0971D1A1D280D3F005BBEE8 /* ChocolateExamples */,
			);
		};
/* End PBXProject section */

/* Begin PBXResourcesBuildPhase section */
		B0971CEA1D2804E3005BBEE8 /* Resources */ = {
			isa = PBXResourcesBuildPhase;
			buildActionMask = 2147483647;
			files = (
			);
			runOnlyForDeploymentPostprocessing = 0;
		};
		B0971D041D280ADB005BBEE8 /* Resources */ = {
			isa = PBXResourcesBuildPhase;
			buildActionMask = 2147483647;
			files = (
			);
			runOnlyForDeploymentPostprocessing = 0;
		};
		B0971D191D280D3F005BBEE8 /* Resources */ = {
			isa = PBXResourcesBuildPhase;
			buildActionMask = 2147483647;
			files = (
				B0971D281D280D3F005BBEE8 /* LaunchScreen.storyboard in Resources */,
				B0971D251D280D3F005BBEE8 /* Assets.xcassets in Resources */,
			);
			runOnlyForDeploymentPostprocessing = 0;
		};
/* End PBXResourcesBuildPhase section */

/* Begin PBXShellScriptBuildPhase section */
		0199359CC572BAC3BE4C6770 /* [CP] Check Pods Manifest.lock */ = {
			isa = PBXShellScriptBuildPhase;
			buildActionMask = 2147483647;
			files = (
			);
			inputPaths = (
			);
			name = "[CP] Check Pods Manifest.lock";
			outputPaths = (
			);
			runOnlyForDeploymentPostprocessing = 0;
			shellPath = /bin/sh;
			shellScript = "diff \"${PODS_ROOT}/../Podfile.lock\" \"${PODS_ROOT}/Manifest.lock\" > /dev/null\nif [[ $? != 0 ]] ; then\n    cat << EOM\nerror: The sandbox is not in sync with the Podfile.lock. Run 'pod install' or update your CocoaPods installation.\nEOM\n    exit 1\nfi\n";
			showEnvVarsInLog = 0;
		};
		1087F525C2FB76B4FD4EA942 /* [CP] Check Pods Manifest.lock */ = {
			isa = PBXShellScriptBuildPhase;
			buildActionMask = 2147483647;
			files = (
			);
			inputPaths = (
			);
			name = "[CP] Check Pods Manifest.lock";
			outputPaths = (
			);
			runOnlyForDeploymentPostprocessing = 0;
			shellPath = /bin/sh;
			shellScript = "diff \"${PODS_ROOT}/../Podfile.lock\" \"${PODS_ROOT}/Manifest.lock\" > /dev/null\nif [[ $? != 0 ]] ; then\n    cat << EOM\nerror: The sandbox is not in sync with the Podfile.lock. Run 'pod install' or update your CocoaPods installation.\nEOM\n    exit 1\nfi\n";
			showEnvVarsInLog = 0;
		};
		68611D77E5F8FD75C583C412 /* [CP] Copy Pods Resources */ = {
			isa = PBXShellScriptBuildPhase;
			buildActionMask = 2147483647;
			files = (
			);
			inputPaths = (
			);
			name = "[CP] Copy Pods Resources";
			outputPaths = (
			);
			runOnlyForDeploymentPostprocessing = 0;
			shellPath = /bin/sh;
			shellScript = "\"${SRCROOT}/Pods/Target Support Files/Pods-Chocolate/Pods-Chocolate-resources.sh\"\n";
			showEnvVarsInLog = 0;
		};
		6D065BA6BD2D6BBA0C5B063C /* [CP] Embed Pods Frameworks */ = {
			isa = PBXShellScriptBuildPhase;
			buildActionMask = 2147483647;
			files = (
			);
			inputPaths = (
			);
			name = "[CP] Embed Pods Frameworks";
			outputPaths = (
			);
			runOnlyForDeploymentPostprocessing = 0;
			shellPath = /bin/sh;
			shellScript = "\"${SRCROOT}/Pods/Target Support Files/Pods-ChocolateTests/Pods-ChocolateTests-frameworks.sh\"\n";
			showEnvVarsInLog = 0;
		};
		6D68BAA13F9DCAFA2529E9B2 /* [CP] Check Pods Manifest.lock */ = {
			isa = PBXShellScriptBuildPhase;
			buildActionMask = 2147483647;
			files = (
			);
			inputPaths = (
			);
			name = "[CP] Check Pods Manifest.lock";
			outputPaths = (
			);
			runOnlyForDeploymentPostprocessing = 0;
			shellPath = /bin/sh;
			shellScript = "diff \"${PODS_ROOT}/../Podfile.lock\" \"${PODS_ROOT}/Manifest.lock\" > /dev/null\nif [[ $? != 0 ]] ; then\n    cat << EOM\nerror: The sandbox is not in sync with the Podfile.lock. Run 'pod install' or update your CocoaPods installation.\nEOM\n    exit 1\nfi\n";
			showEnvVarsInLog = 0;
		};
		9501F9834C673B1A49E67874 /* [CP] Copy Pods Resources */ = {
			isa = PBXShellScriptBuildPhase;
			buildActionMask = 2147483647;
			files = (
			);
			inputPaths = (
			);
			name = "[CP] Copy Pods Resources";
			outputPaths = (
			);
			runOnlyForDeploymentPostprocessing = 0;
			shellPath = /bin/sh;
			shellScript = "\"${SRCROOT}/Pods/Target Support Files/Pods-ChocolateTests/Pods-ChocolateTests-resources.sh\"\n";
			showEnvVarsInLog = 0;
		};
		A1C1BD8418E38D81F5961965 /* [CP] Copy Pods Resources */ = {
			isa = PBXShellScriptBuildPhase;
			buildActionMask = 2147483647;
			files = (
			);
			inputPaths = (
			);
			name = "[CP] Copy Pods Resources";
			outputPaths = (
			);
			runOnlyForDeploymentPostprocessing = 0;
			shellPath = /bin/sh;
			shellScript = "\"${SRCROOT}/Pods/Target Support Files/Pods-ChocolateExamples/Pods-ChocolateExamples-resources.sh\"\n";
			showEnvVarsInLog = 0;
		};
		E984A3202967D49247218D7B /* [CP] Embed Pods Frameworks */ = {
			isa = PBXShellScriptBuildPhase;
			buildActionMask = 2147483647;
			files = (
			);
			inputPaths = (
			);
			name = "[CP] Embed Pods Frameworks";
			outputPaths = (
			);
			runOnlyForDeploymentPostprocessing = 0;
			shellPath = /bin/sh;
			shellScript = "\"${SRCROOT}/Pods/Target Support Files/Pods-ChocolateExamples/Pods-ChocolateExamples-frameworks.sh\"\n";
			showEnvVarsInLog = 0;
		};
/* End PBXShellScriptBuildPhase section */

/* Begin PBXSourcesBuildPhase section */
		B0971CE71D2804E3005BBEE8 /* Sources */ = {
			isa = PBXSourcesBuildPhase;
			buildActionMask = 2147483647;
			files = (
				B06989251D3099A700EA6123 /* CHCacheTableViewController.swift in Sources */,
				B07193AB1D9380D6000CBD79 /* UIButton+Extensions.swift in Sources */,
				B04B347D1D8E1CF0004150B6 /* Cache.xcdatamodeld in Sources */,
				B0971D011D280536005BBEE8 /* UITableView+Extensions.swift in Sources */,
				B0971CFD1D280536005BBEE8 /* CHTableViewController.swift in Sources */,
				B04B34A11D8E20A0004150B6 /* CHCacheEntity+CoreDataClass.swift in Sources */,
				B05C6FA61D8BD74C00B32BB6 /* CHCacheWebRequest.swift in Sources */,
				B04B34A41D8E23B5004150B6 /* CHCacheEntity+Extensions.swift in Sources */,
				B0615C1B1D894B0A00816654 /* CHTableViewCell.swift in Sources */,
				B04B34A21D8E20A0004150B6 /* CHCacheEntity+CoreDataProperties.swift in Sources */,
				B07193AF1D93843A000CBD79 /* CHButton.swift in Sources */,
				B069892B1D30D41900EA6123 /* CHCache.swift in Sources */,
			);
			runOnlyForDeploymentPostprocessing = 0;
		};
		B0971D021D280ADB005BBEE8 /* Sources */ = {
			isa = PBXSourcesBuildPhase;
			buildActionMask = 2147483647;
			files = (
				B0956AD11D2928BB000BC8D0 /* CHFetchedResultsTableViewControllerTests.swift in Sources */,
				B05C6F951D8A9D6E00B32BB6 /* CHCacheTests.swift in Sources */,
				B05C6F971D8AD9C600B32BB6 /* CHCacheTableViewControllerTests.swift in Sources */,
			);
			runOnlyForDeploymentPostprocessing = 0;
		};
		B0971D171D280D3F005BBEE8 /* Sources */ = {
			isa = PBXSourcesBuildPhase;
			buildActionMask = 2147483647;
			files = (
				B09AF0721D36439A000B7429 /* UIView+Extensions.swift in Sources */,
				B05C6FAE1D8C231800B32BB6 /* FriendListTableViewController.swift in Sources */,
				B0971D1E1D280D3F005BBEE8 /* AppDelegate.swift in Sources */,
				B0971D2E1D280D9D005BBEE8 /* CatalogueTableViewController.swift in Sources */,
				B04B345A1D8C260C004150B6 /* ProductTableViewController.swift in Sources */,
			);
			runOnlyForDeploymentPostprocessing = 0;
		};
/* End PBXSourcesBuildPhase section */

/* Begin PBXTargetDependency section */
		B0971D0D1D280ADB005BBEE8 /* PBXTargetDependency */ = {
			isa = PBXTargetDependency;
			target = B0971CEB1D2804E3005BBEE8 /* Chocolate */;
			targetProxy = B0971D0C1D280ADB005BBEE8 /* PBXContainerItemProxy */;
		};
/* End PBXTargetDependency section */

/* Begin PBXVariantGroup section */
		B0971D261D280D3F005BBEE8 /* LaunchScreen.storyboard */ = {
			isa = PBXVariantGroup;
			children = (
				B0971D271D280D3F005BBEE8 /* Base */,
			);
			name = LaunchScreen.storyboard;
			sourceTree = "<group>";
		};
/* End PBXVariantGroup section */

/* Begin XCBuildConfiguration section */
		B0971CF21D2804E3005BBEE8 /* Debug */ = {
			isa = XCBuildConfiguration;
			buildSettings = {
				ALWAYS_SEARCH_USER_PATHS = NO;
				CLANG_ANALYZER_NONNULL = YES;
				CLANG_CXX_LANGUAGE_STANDARD = "gnu++0x";
				CLANG_CXX_LIBRARY = "libc++";
				CLANG_ENABLE_MODULES = YES;
				CLANG_ENABLE_OBJC_ARC = YES;
				CLANG_WARN_BOOL_CONVERSION = YES;
				CLANG_WARN_CONSTANT_CONVERSION = YES;
				CLANG_WARN_DIRECT_OBJC_ISA_USAGE = YES_ERROR;
				CLANG_WARN_DOCUMENTATION_COMMENTS = YES;
				CLANG_WARN_EMPTY_BODY = YES;
				CLANG_WARN_ENUM_CONVERSION = YES;
				CLANG_WARN_INFINITE_RECURSION = YES;
				CLANG_WARN_INT_CONVERSION = YES;
				CLANG_WARN_OBJC_ROOT_CLASS = YES_ERROR;
				CLANG_WARN_SUSPICIOUS_MOVE = YES;
				CLANG_WARN_UNREACHABLE_CODE = YES;
				CLANG_WARN__DUPLICATE_METHOD_MATCH = YES;
				"CODE_SIGN_IDENTITY[sdk=iphoneos*]" = "iPhone Developer";
				COPY_PHASE_STRIP = NO;
				CURRENT_PROJECT_VERSION = 1;
				DEBUG_INFORMATION_FORMAT = dwarf;
				ENABLE_STRICT_OBJC_MSGSEND = YES;
				ENABLE_TESTABILITY = YES;
				GCC_C_LANGUAGE_STANDARD = gnu99;
				GCC_DYNAMIC_NO_PIC = NO;
				GCC_NO_COMMON_BLOCKS = YES;
				GCC_OPTIMIZATION_LEVEL = 0;
				GCC_PREPROCESSOR_DEFINITIONS = (
					"DEBUG=1",
					"$(inherited)",
				);
				GCC_WARN_64_TO_32_BIT_CONVERSION = YES;
				GCC_WARN_ABOUT_RETURN_TYPE = YES_ERROR;
				GCC_WARN_UNDECLARED_SELECTOR = YES;
				GCC_WARN_UNINITIALIZED_AUTOS = YES_AGGRESSIVE;
				GCC_WARN_UNUSED_FUNCTION = YES;
				GCC_WARN_UNUSED_VARIABLE = YES;
				IPHONEOS_DEPLOYMENT_TARGET = 8.0;
				MTL_ENABLE_DEBUG_INFO = YES;
				ONLY_ACTIVE_ARCH = YES;
				SDKROOT = iphoneos;
				SWIFT_ACTIVE_COMPILATION_CONDITIONS = DEBUG;
				SWIFT_OPTIMIZATION_LEVEL = "-Onone";
				TARGETED_DEVICE_FAMILY = "1,2";
				VERSIONING_SYSTEM = "apple-generic";
				VERSION_INFO_PREFIX = "";
			};
			name = Debug;
		};
		B0971CF31D2804E3005BBEE8 /* Release */ = {
			isa = XCBuildConfiguration;
			buildSettings = {
				ALWAYS_SEARCH_USER_PATHS = NO;
				CLANG_ANALYZER_NONNULL = YES;
				CLANG_CXX_LANGUAGE_STANDARD = "gnu++0x";
				CLANG_CXX_LIBRARY = "libc++";
				CLANG_ENABLE_MODULES = YES;
				CLANG_ENABLE_OBJC_ARC = YES;
				CLANG_WARN_BOOL_CONVERSION = YES;
				CLANG_WARN_CONSTANT_CONVERSION = YES;
				CLANG_WARN_DIRECT_OBJC_ISA_USAGE = YES_ERROR;
				CLANG_WARN_DOCUMENTATION_COMMENTS = YES;
				CLANG_WARN_EMPTY_BODY = YES;
				CLANG_WARN_ENUM_CONVERSION = YES;
				CLANG_WARN_INFINITE_RECURSION = YES;
				CLANG_WARN_INT_CONVERSION = YES;
				CLANG_WARN_OBJC_ROOT_CLASS = YES_ERROR;
				CLANG_WARN_SUSPICIOUS_MOVE = YES;
				CLANG_WARN_UNREACHABLE_CODE = YES;
				CLANG_WARN__DUPLICATE_METHOD_MATCH = YES;
				"CODE_SIGN_IDENTITY[sdk=iphoneos*]" = "iPhone Developer";
				COPY_PHASE_STRIP = NO;
				CURRENT_PROJECT_VERSION = 1;
				DEBUG_INFORMATION_FORMAT = "dwarf-with-dsym";
				ENABLE_NS_ASSERTIONS = NO;
				ENABLE_STRICT_OBJC_MSGSEND = YES;
				GCC_C_LANGUAGE_STANDARD = gnu99;
				GCC_NO_COMMON_BLOCKS = YES;
				GCC_WARN_64_TO_32_BIT_CONVERSION = YES;
				GCC_WARN_ABOUT_RETURN_TYPE = YES_ERROR;
				GCC_WARN_UNDECLARED_SELECTOR = YES;
				GCC_WARN_UNINITIALIZED_AUTOS = YES_AGGRESSIVE;
				GCC_WARN_UNUSED_FUNCTION = YES;
				GCC_WARN_UNUSED_VARIABLE = YES;
				IPHONEOS_DEPLOYMENT_TARGET = 8.0;
				MTL_ENABLE_DEBUG_INFO = NO;
				SDKROOT = iphoneos;
				SWIFT_OPTIMIZATION_LEVEL = "-Owholemodule";
				TARGETED_DEVICE_FAMILY = "1,2";
				VALIDATE_PRODUCT = YES;
				VERSIONING_SYSTEM = "apple-generic";
				VERSION_INFO_PREFIX = "";
			};
			name = Release;
		};
		B0971CF51D2804E3005BBEE8 /* Debug */ = {
			isa = XCBuildConfiguration;
			baseConfigurationReference = 7E8F728D1C8C04C6F8C6D03B /* Pods-Chocolate.debug.xcconfig */;
			buildSettings = {
				ALWAYS_EMBED_SWIFT_STANDARD_LIBRARIES = YES;
				"CODE_SIGN_IDENTITY[sdk=iphoneos*]" = "";
				DEFINES_MODULE = YES;
				DYLIB_COMPATIBILITY_VERSION = 1;
				DYLIB_CURRENT_VERSION = 1;
				DYLIB_INSTALL_NAME_BASE = "@rpath";
				FRAMEWORK_SEARCH_PATHS = (
					"$(inherited)",
					"$(PROJECT_DIR)",
				);
				INFOPLIST_FILE = Chocolate/Info.plist;
				INSTALL_PATH = "$(LOCAL_LIBRARY_DIR)/Frameworks";
				LD_RUNPATH_SEARCH_PATHS = "$(inherited) @executable_path/Frameworks @loader_path/Frameworks";
				PRODUCT_BUNDLE_IDENTIFIER = com.tinyworld.Chocolate;
				PRODUCT_NAME = "$(TARGET_NAME)";
				SKIP_INSTALL = YES;
				SWIFT_VERSION = 3.0;
			};
			name = Debug;
		};
		B0971CF61D2804E3005BBEE8 /* Release */ = {
			isa = XCBuildConfiguration;
			baseConfigurationReference = C4D2123F94C697F706DB077A /* Pods-Chocolate.release.xcconfig */;
			buildSettings = {
				ALWAYS_EMBED_SWIFT_STANDARD_LIBRARIES = YES;
				"CODE_SIGN_IDENTITY[sdk=iphoneos*]" = "";
				DEFINES_MODULE = YES;
				DYLIB_COMPATIBILITY_VERSION = 1;
				DYLIB_CURRENT_VERSION = 1;
				DYLIB_INSTALL_NAME_BASE = "@rpath";
				FRAMEWORK_SEARCH_PATHS = (
					"$(inherited)",
					"$(PROJECT_DIR)",
				);
				INFOPLIST_FILE = Chocolate/Info.plist;
				INSTALL_PATH = "$(LOCAL_LIBRARY_DIR)/Frameworks";
				LD_RUNPATH_SEARCH_PATHS = "$(inherited) @executable_path/Frameworks @loader_path/Frameworks";
				PRODUCT_BUNDLE_IDENTIFIER = com.tinyworld.Chocolate;
				PRODUCT_NAME = "$(TARGET_NAME)";
				SKIP_INSTALL = YES;
				SWIFT_VERSION = 3.0;
			};
			name = Release;
		};
		B0971D0F1D280ADB005BBEE8 /* Debug */ = {
			isa = XCBuildConfiguration;
			baseConfigurationReference = 4539DC08D3686B326C60734D /* Pods-ChocolateTests.debug.xcconfig */;
			buildSettings = {
				ALWAYS_EMBED_SWIFT_STANDARD_LIBRARIES = YES;
				FRAMEWORK_SEARCH_PATHS = (
					"$(inherited)",
					"$(PROJECT_DIR)",
				);
				INFOPLIST_FILE = ChocolateTests/Info.plist;
				IPHONEOS_DEPLOYMENT_TARGET = 10.0;
				LD_RUNPATH_SEARCH_PATHS = "$(inherited) @executable_path/Frameworks @loader_path/Frameworks";
				PRODUCT_BUNDLE_IDENTIFIER = com.tinyworld.ChocolateTests;
				PRODUCT_NAME = "$(TARGET_NAME)";
				SWIFT_VERSION = 3.0;
			};
			name = Debug;
		};
		B0971D101D280ADB005BBEE8 /* Release */ = {
			isa = XCBuildConfiguration;
			baseConfigurationReference = D78F3C1D7D39914B74F963F6 /* Pods-ChocolateTests.release.xcconfig */;
			buildSettings = {
				ALWAYS_EMBED_SWIFT_STANDARD_LIBRARIES = YES;
				FRAMEWORK_SEARCH_PATHS = (
					"$(inherited)",
					"$(PROJECT_DIR)",
				);
				INFOPLIST_FILE = ChocolateTests/Info.plist;
				IPHONEOS_DEPLOYMENT_TARGET = 10.0;
				LD_RUNPATH_SEARCH_PATHS = "$(inherited) @executable_path/Frameworks @loader_path/Frameworks";
				PRODUCT_BUNDLE_IDENTIFIER = com.tinyworld.ChocolateTests;
				PRODUCT_NAME = "$(TARGET_NAME)";
				SWIFT_VERSION = 3.0;
			};
			name = Release;
		};
		B0971D2B1D280D3F005BBEE8 /* Debug */ = {
			isa = XCBuildConfiguration;
			baseConfigurationReference = 1C95EDB4730184A4FBB91017 /* Pods-ChocolateExamples.debug.xcconfig */;
			buildSettings = {
				ALWAYS_EMBED_SWIFT_STANDARD_LIBRARIES = YES;
				ASSETCATALOG_COMPILER_APPICON_NAME = AppIcon;
				CLANG_ENABLE_MODULES = YES;
				FRAMEWORK_SEARCH_PATHS = (
					"$(inherited)",
					"$(PROJECT_DIR)",
				);
				INFOPLIST_FILE = ChocolateExamples/Info.plist;
				IPHONEOS_DEPLOYMENT_TARGET = 8.0;
				LD_RUNPATH_SEARCH_PATHS = "$(inherited) @executable_path/Frameworks";
				PRODUCT_BUNDLE_IDENTIFIER = com.tinyworld.ChocolateExamples;
				PRODUCT_NAME = "$(TARGET_NAME)";
				SWIFT_OPTIMIZATION_LEVEL = "-Onone";
				SWIFT_VERSION = 3.0;
			};
			name = Debug;
		};
		B0971D2C1D280D3F005BBEE8 /* Release */ = {
			isa = XCBuildConfiguration;
			baseConfigurationReference = 9D0E48B1A0D49BE4EF638191 /* Pods-ChocolateExamples.release.xcconfig */;
			buildSettings = {
				ALWAYS_EMBED_SWIFT_STANDARD_LIBRARIES = YES;
				ASSETCATALOG_COMPILER_APPICON_NAME = AppIcon;
				CLANG_ENABLE_MODULES = YES;
				FRAMEWORK_SEARCH_PATHS = (
					"$(inherited)",
					"$(PROJECT_DIR)",
				);
				INFOPLIST_FILE = ChocolateExamples/Info.plist;
				IPHONEOS_DEPLOYMENT_TARGET = 8.0;
				LD_RUNPATH_SEARCH_PATHS = "$(inherited) @executable_path/Frameworks";
				PRODUCT_BUNDLE_IDENTIFIER = com.tinyworld.ChocolateExamples;
				PRODUCT_NAME = "$(TARGET_NAME)";
				SWIFT_VERSION = 3.0;
			};
			name = Release;
		};
/* End XCBuildConfiguration section */

/* Begin XCConfigurationList section */
		B0971CE61D2804E3005BBEE8 /* Build configuration list for PBXProject "Chocolate" */ = {
			isa = XCConfigurationList;
			buildConfigurations = (
				B0971CF21D2804E3005BBEE8 /* Debug */,
				B0971CF31D2804E3005BBEE8 /* Release */,
			);
			defaultConfigurationIsVisible = 0;
			defaultConfigurationName = Release;
		};
		B0971CF41D2804E3005BBEE8 /* Build configuration list for PBXNativeTarget "Chocolate" */ = {
			isa = XCConfigurationList;
			buildConfigurations = (
				B0971CF51D2804E3005BBEE8 /* Debug */,
				B0971CF61D2804E3005BBEE8 /* Release */,
			);
			defaultConfigurationIsVisible = 0;
			defaultConfigurationName = Release;
		};
		B0971D0E1D280ADB005BBEE8 /* Build configuration list for PBXNativeTarget "ChocolateTests" */ = {
			isa = XCConfigurationList;
			buildConfigurations = (
				B0971D0F1D280ADB005BBEE8 /* Debug */,
				B0971D101D280ADB005BBEE8 /* Release */,
			);
			defaultConfigurationIsVisible = 0;
			defaultConfigurationName = Release;
		};
		B0971D2A1D280D3F005BBEE8 /* Build configuration list for PBXNativeTarget "ChocolateExamples" */ = {
			isa = XCConfigurationList;
			buildConfigurations = (
				B0971D2B1D280D3F005BBEE8 /* Debug */,
				B0971D2C1D280D3F005BBEE8 /* Release */,
			);
			defaultConfigurationIsVisible = 0;
			defaultConfigurationName = Release;
		};
/* End XCConfigurationList section */

/* Begin XCVersionGroup section */
		B04B347B1D8E1CF0004150B6 /* Cache.xcdatamodeld */ = {
			isa = XCVersionGroup;
			children = (
				B04B347C1D8E1CF0004150B6 /* Cache.xcdatamodel */,
			);
			currentVersion = B04B347C1D8E1CF0004150B6 /* Cache.xcdatamodel */;
			path = Cache.xcdatamodeld;
			sourceTree = "<group>";
			versionGroupType = wrapper.xcdatamodel;
		};
/* End XCVersionGroup section */
	};
	rootObject = B0971CE31D2804E3005BBEE8 /* Project object */;
}
