<?xml version="1.0" encoding="UTF-8"?>
<!DOCTYPE plist PUBLIC "-//Apple//DTD PLIST 1.0//EN" "http://www.apple.com/DTDs/PropertyList-1.0.dtd">
<plist version="1.0">
<dict>
	<key>archiveVersion</key>
	<string>1</string>
	<key>classes</key>
	<dict/>
	<key>objectVersion</key>
	<string>46</string>
	<key>objects</key>
	<dict>
		<key>0342EE9931725EC1D4047591</key>
		<dict>
			<key>includeInIndex</key>
			<string>1</string>
			<key>isa</key>
			<string>PBXFileReference</string>
			<key>lastKnownFileType</key>
			<string>text.xcconfig</string>
			<key>name</key>
			<string>Pods-Chocolate.debug.xcconfig</string>
			<key>path</key>
			<string>Pods/Target Support Files/Pods-Chocolate/Pods-Chocolate.debug.xcconfig</string>
			<key>sourceTree</key>
			<string>&lt;group&gt;</string>
		</dict>
		<key>1E2A20B2981FA5E93BA2BC48</key>
		<dict>
			<key>buildActionMask</key>
			<string>2147483647</string>
			<key>files</key>
			<array/>
			<key>inputPaths</key>
			<array/>
			<key>isa</key>
			<string>PBXShellScriptBuildPhase</string>
			<key>name</key>
			<string>[CP] Check Pods Manifest.lock</string>
			<key>outputPaths</key>
			<array/>
			<key>runOnlyForDeploymentPostprocessing</key>
			<string>0</string>
			<key>shellPath</key>
			<string>/bin/sh</string>
			<key>shellScript</key>
			<string>diff "${PODS_ROOT}/../Podfile.lock" "${PODS_ROOT}/Manifest.lock" &gt; /dev/null
if [[ $? != 0 ]] ; then
    cat &lt;&lt; EOM
error: The sandbox is not in sync with the Podfile.lock. Run 'pod install' or update your CocoaPods installation.
EOM
    exit 1
fi
</string>
			<key>showEnvVarsInLog</key>
			<string>0</string>
		</dict>
		<key>25C714340EF4E7519A5D4CEF</key>
		<dict>
			<key>includeInIndex</key>
			<string>1</string>
			<key>isa</key>
			<string>PBXFileReference</string>
			<key>lastKnownFileType</key>
			<string>text.xcconfig</string>
			<key>name</key>
			<string>Pods-ChocolateExamples.debug.xcconfig</string>
			<key>path</key>
			<string>Pods/Target Support Files/Pods-ChocolateExamples/Pods-ChocolateExamples.debug.xcconfig</string>
			<key>sourceTree</key>
			<string>&lt;group&gt;</string>
		</dict>
		<key>2D31B77525090737386FD008</key>
		<dict>
			<key>includeInIndex</key>
			<string>1</string>
			<key>isa</key>
			<string>PBXFileReference</string>
			<key>lastKnownFileType</key>
			<string>text.xcconfig</string>
			<key>name</key>
			<string>Pods-ChocolateExamples.release.xcconfig</string>
			<key>path</key>
			<string>Pods/Target Support Files/Pods-ChocolateExamples/Pods-ChocolateExamples.release.xcconfig</string>
			<key>sourceTree</key>
			<string>&lt;group&gt;</string>
		</dict>
		<key>3100ADE055F7256349F471C9</key>
		<dict>
			<key>buildActionMask</key>
			<string>2147483647</string>
			<key>files</key>
			<array/>
			<key>inputPaths</key>
			<array/>
			<key>isa</key>
			<string>PBXShellScriptBuildPhase</string>
			<key>name</key>
			<string>[CP] Copy Pods Resources</string>
			<key>outputPaths</key>
			<array/>
			<key>runOnlyForDeploymentPostprocessing</key>
			<string>0</string>
			<key>shellPath</key>
			<string>/bin/sh</string>
			<key>shellScript</key>
			<string>"${SRCROOT}/Pods/Target Support Files/Pods-ChocolateTests/Pods-ChocolateTests-resources.sh"
</string>
			<key>showEnvVarsInLog</key>
			<string>0</string>
		</dict>
		<key>3860B4A3CAC16D389168B00C</key>
		<dict>
			<key>fileRef</key>
			<string>DD43660BDDA9539C854081EF</string>
			<key>isa</key>
			<string>PBXBuildFile</string>
		</dict>
		<key>4653371F98697D5E7008851C</key>
		<dict>
			<key>buildActionMask</key>
			<string>2147483647</string>
			<key>files</key>
			<array/>
			<key>inputPaths</key>
			<array/>
			<key>isa</key>
			<string>PBXShellScriptBuildPhase</string>
			<key>name</key>
			<string>[CP] Check Pods Manifest.lock</string>
			<key>outputPaths</key>
			<array/>
			<key>runOnlyForDeploymentPostprocessing</key>
			<string>0</string>
			<key>shellPath</key>
			<string>/bin/sh</string>
			<key>shellScript</key>
			<string>diff "${PODS_ROOT}/../Podfile.lock" "${PODS_ROOT}/Manifest.lock" &gt; /dev/null
if [[ $? != 0 ]] ; then
    cat &lt;&lt; EOM
error: The sandbox is not in sync with the Podfile.lock. Run 'pod install' or update your CocoaPods installation.
EOM
    exit 1
fi
</string>
			<key>showEnvVarsInLog</key>
			<string>0</string>
		</dict>
		<key>4A14E9FC9ECCA82C5BA706C0</key>
		<dict>
			<key>children</key>
			<array>
				<string>D795B160D4E3A98DE5FC2E03</string>
				<string>DD43660BDDA9539C854081EF</string>
				<string>755462D45EF1C7DE44BF44B7</string>
			</array>
			<key>isa</key>
			<string>PBXGroup</string>
			<key>name</key>
			<string>Frameworks</string>
			<key>sourceTree</key>
			<string>&lt;group&gt;</string>
		</dict>
		<key>4DE908768A4A877557263C55</key>
		<dict>
			<key>includeInIndex</key>
			<string>1</string>
			<key>isa</key>
			<string>PBXFileReference</string>
			<key>lastKnownFileType</key>
			<string>text.xcconfig</string>
			<key>name</key>
			<string>Pods-Chocolate.release.xcconfig</string>
			<key>path</key>
			<string>Pods/Target Support Files/Pods-Chocolate/Pods-Chocolate.release.xcconfig</string>
			<key>sourceTree</key>
			<string>&lt;group&gt;</string>
		</dict>
		<key>57F8BD28536526A918FF1681</key>
		<dict>
			<key>buildActionMask</key>
			<string>2147483647</string>
			<key>files</key>
			<array/>
			<key>inputPaths</key>
			<array/>
			<key>isa</key>
			<string>PBXShellScriptBuildPhase</string>
			<key>name</key>
			<string>[CP] Check Pods Manifest.lock</string>
			<key>outputPaths</key>
			<array/>
			<key>runOnlyForDeploymentPostprocessing</key>
			<string>0</string>
			<key>shellPath</key>
			<string>/bin/sh</string>
			<key>shellScript</key>
			<string>diff "${PODS_ROOT}/../Podfile.lock" "${PODS_ROOT}/Manifest.lock" &gt; /dev/null
if [[ $? != 0 ]] ; then
    cat &lt;&lt; EOM
error: The sandbox is not in sync with the Podfile.lock. Run 'pod install' or update your CocoaPods installation.
EOM
    exit 1
fi
</string>
			<key>showEnvVarsInLog</key>
			<string>0</string>
		</dict>
		<key>5C948F99904203145E06361C</key>
		<dict>
			<key>fileRef</key>
			<string>755462D45EF1C7DE44BF44B7</string>
			<key>isa</key>
			<string>PBXBuildFile</string>
		</dict>
		<key>5DAA3EA1AE64CD1E6286E3A8</key>
		<dict>
			<key>buildActionMask</key>
			<string>2147483647</string>
			<key>files</key>
			<array/>
			<key>inputPaths</key>
			<array/>
			<key>isa</key>
			<string>PBXShellScriptBuildPhase</string>
			<key>name</key>
			<string>[CP] Copy Pods Resources</string>
			<key>outputPaths</key>
			<array/>
			<key>runOnlyForDeploymentPostprocessing</key>
			<string>0</string>
			<key>shellPath</key>
			<string>/bin/sh</string>
			<key>shellScript</key>
			<string>"${SRCROOT}/Pods/Target Support Files/Pods-Chocolate/Pods-Chocolate-resources.sh"
</string>
			<key>showEnvVarsInLog</key>
			<string>0</string>
		</dict>
		<key>619666D08F0D2ABC6863006B</key>
		<dict>
			<key>fileRef</key>
			<string>D795B160D4E3A98DE5FC2E03</string>
			<key>isa</key>
			<string>PBXBuildFile</string>
		</dict>
		<key>66DCE72C9802B65E836FD543</key>
		<dict>
			<key>children</key>
			<array>
				<string>0342EE9931725EC1D4047591</string>
				<string>4DE908768A4A877557263C55</string>
				<string>25C714340EF4E7519A5D4CEF</string>
				<string>2D31B77525090737386FD008</string>
				<string>7765E0B2099F51548F99B86C</string>
				<string>9760C9EB116DEFADF50E95DE</string>
			</array>
			<key>isa</key>
			<string>PBXGroup</string>
			<key>name</key>
			<string>Pods</string>
			<key>sourceTree</key>
			<string>&lt;group&gt;</string>
		</dict>
		<key>755462D45EF1C7DE44BF44B7</key>
		<dict>
			<key>explicitFileType</key>
			<string>wrapper.framework</string>
			<key>includeInIndex</key>
			<string>0</string>
			<key>isa</key>
			<string>PBXFileReference</string>
			<key>path</key>
			<string>Pods_ChocolateTests.framework</string>
			<key>sourceTree</key>
			<string>BUILT_PRODUCTS_DIR</string>
		</dict>
		<key>7765E0B2099F51548F99B86C</key>
		<dict>
			<key>includeInIndex</key>
			<string>1</string>
			<key>isa</key>
			<string>PBXFileReference</string>
			<key>lastKnownFileType</key>
			<string>text.xcconfig</string>
			<key>name</key>
			<string>Pods-ChocolateTests.debug.xcconfig</string>
			<key>path</key>
			<string>Pods/Target Support Files/Pods-ChocolateTests/Pods-ChocolateTests.debug.xcconfig</string>
			<key>sourceTree</key>
			<string>&lt;group&gt;</string>
		</dict>
		<key>788A84071F078708516134B4</key>
		<dict>
			<key>buildActionMask</key>
			<string>2147483647</string>
			<key>files</key>
			<array/>
			<key>inputPaths</key>
			<array/>
			<key>isa</key>
			<string>PBXShellScriptBuildPhase</string>
			<key>name</key>
			<string>[CP] Embed Pods Frameworks</string>
			<key>outputPaths</key>
			<array/>
			<key>runOnlyForDeploymentPostprocessing</key>
			<string>0</string>
			<key>shellPath</key>
			<string>/bin/sh</string>
			<key>shellScript</key>
			<string>"${SRCROOT}/Pods/Target Support Files/Pods-ChocolateExamples/Pods-ChocolateExamples-frameworks.sh"
</string>
			<key>showEnvVarsInLog</key>
			<string>0</string>
		</dict>
		<key>9760C9EB116DEFADF50E95DE</key>
		<dict>
			<key>includeInIndex</key>
			<string>1</string>
			<key>isa</key>
			<string>PBXFileReference</string>
			<key>lastKnownFileType</key>
			<string>text.xcconfig</string>
			<key>name</key>
			<string>Pods-ChocolateTests.release.xcconfig</string>
			<key>path</key>
			<string>Pods/Target Support Files/Pods-ChocolateTests/Pods-ChocolateTests.release.xcconfig</string>
			<key>sourceTree</key>
			<string>&lt;group&gt;</string>
		</dict>
		<key>B04466001D2B47E4004CB0E9</key>
		<dict>
			<key>children</key>
			<array>
				<string>B0EFC42A1D2BDBD300054A3A</string>
				<string>B0EFC42C1D2BDC6500054A3A</string>
			</array>
			<key>isa</key>
			<string>PBXGroup</string>
			<key>path</key>
			<string>WebServiceIntegration</string>
			<key>sourceTree</key>
			<string>&lt;group&gt;</string>
		</dict>
		<key>B06072E31D2E3B710044A13E</key>
		<dict>
			<key>fileEncoding</key>
			<string>4</string>
			<key>isa</key>
			<string>PBXFileReference</string>
			<key>lastKnownFileType</key>
			<string>sourcecode.swift</string>
			<key>path</key>
			<string>SongEntity+CoreDataClass.swift</string>
			<key>sourceTree</key>
			<string>&lt;group&gt;</string>
		</dict>
		<key>B06072E41D2E3B710044A13E</key>
		<dict>
			<key>fileEncoding</key>
			<string>4</string>
			<key>isa</key>
			<string>PBXFileReference</string>
			<key>lastKnownFileType</key>
			<string>sourcecode.swift</string>
			<key>path</key>
			<string>SongEntity+CoreDataProperties.swift</string>
			<key>sourceTree</key>
			<string>&lt;group&gt;</string>
		</dict>
		<key>B06072E61D2E3B710044A13E</key>
		<dict>
			<key>fileRef</key>
			<string>B06072E31D2E3B710044A13E</string>
			<key>isa</key>
			<string>PBXBuildFile</string>
		</dict>
		<key>B06072E71D2E3B710044A13E</key>
		<dict>
			<key>fileRef</key>
			<string>B06072E41D2E3B710044A13E</string>
			<key>isa</key>
			<string>PBXBuildFile</string>
		</dict>
		<key>B06072E81D2E405F0044A13E</key>
		<dict>
			<key>children</key>
			<array>
				<string>B06072E91D2E405F0044A13E</string>
			</array>
			<key>currentVersion</key>
			<string>B06072E91D2E405F0044A13E</string>
			<key>isa</key>
			<string>XCVersionGroup</string>
			<key>path</key>
			<string>Cache.xcdatamodeld</string>
			<key>sourceTree</key>
			<string>&lt;group&gt;</string>
			<key>versionGroupType</key>
			<string>wrapper.xcdatamodel</string>
		</dict>
		<key>B06072E91D2E405F0044A13E</key>
		<dict>
			<key>isa</key>
			<string>PBXFileReference</string>
			<key>lastKnownFileType</key>
			<string>wrapper.xcdatamodel</string>
			<key>path</key>
			<string>Cache.xcdatamodel</string>
			<key>sourceTree</key>
			<string>&lt;group&gt;</string>
		</dict>
		<key>B06072EA1D2E405F0044A13E</key>
		<dict>
			<key>fileRef</key>
			<string>B06072E81D2E405F0044A13E</string>
			<key>isa</key>
			<string>PBXBuildFile</string>
		</dict>
		<key>B060B0611D2C0EFC00A194FA</key>
		<dict>
			<key>fileEncoding</key>
			<string>4</string>
			<key>isa</key>
			<string>PBXFileReference</string>
			<key>lastKnownFileType</key>
			<string>sourcecode.swift</string>
			<key>path</key>
			<string>CHWebServiceTableViewController.swift</string>
			<key>sourceTree</key>
			<string>&lt;group&gt;</string>
		</dict>
		<key>B060B0621D2C0EFC00A194FA</key>
		<dict>
			<key>fileRef</key>
			<string>B060B0611D2C0EFC00A194FA</string>
			<key>isa</key>
			<string>PBXBuildFile</string>
		</dict>
		<key>B060B0631D2C140000A194FA</key>
		<dict>
			<key>fileEncoding</key>
			<string>4</string>
			<key>isa</key>
			<string>PBXFileReference</string>
			<key>lastKnownFileType</key>
			<string>sourcecode.swift</string>
			<key>path</key>
			<string>CHWebServiceSectionInfo.swift</string>
			<key>sourceTree</key>
			<string>&lt;group&gt;</string>
		</dict>
		<key>B060B0641D2C140000A194FA</key>
		<dict>
			<key>fileRef</key>
			<string>B060B0631D2C140000A194FA</string>
			<key>isa</key>
			<string>PBXBuildFile</string>
		</dict>
		<key>B060B0651D2C893800A194FA</key>
		<dict>
			<key>fileEncoding</key>
			<string>4</string>
			<key>isa</key>
			<string>PBXFileReference</string>
			<key>lastKnownFileType</key>
			<string>sourcecode.swift</string>
			<key>path</key>
			<string>CHWebServiceController.swift</string>
			<key>sourceTree</key>
			<string>&lt;group&gt;</string>
		</dict>
		<key>B060B0661D2C893800A194FA</key>
		<dict>
			<key>fileRef</key>
			<string>B060B0651D2C893800A194FA</string>
			<key>isa</key>
			<string>PBXBuildFile</string>
		</dict>
		<key>B060B0671D2CCA1100A194FA</key>
		<dict>
			<key>fileEncoding</key>
			<string>4</string>
			<key>isa</key>
			<string>PBXFileReference</string>
			<key>lastKnownFileType</key>
			<string>sourcecode.swift</string>
			<key>path</key>
			<string>CHWebServiceControllerTests.swift</string>
			<key>sourceTree</key>
			<string>&lt;group&gt;</string>
		</dict>
		<key>B060B0681D2CCA1100A194FA</key>
		<dict>
			<key>fileRef</key>
			<string>B060B0671D2CCA1100A194FA</string>
			<key>isa</key>
			<string>PBXBuildFile</string>
		</dict>
		<key>B060B0691D2CD0D100A194FA</key>
		<dict>
			<key>fileEncoding</key>
			<string>4</string>
			<key>isa</key>
			<string>PBXFileReference</string>
			<key>lastKnownFileType</key>
			<string>sourcecode.swift</string>
			<key>path</key>
			<string>UserModel.swift</string>
			<key>sourceTree</key>
			<string>&lt;group&gt;</string>
		</dict>
		<key>B060B06A1D2CD0D100A194FA</key>
		<dict>
			<key>fileRef</key>
			<string>B060B0691D2CD0D100A194FA</string>
			<key>isa</key>
			<string>PBXBuildFile</string>
		</dict>
		<key>B060B06B1D2DFCEA00A194FA</key>
		<dict>
			<key>children</key>
			<array>
				<string>B06072E31D2E3B710044A13E</string>
				<string>B06072E41D2E3B710044A13E</string>
				<string>B060B06E1D2DFD5600A194FA</string>
				<string>B06072E81D2E405F0044A13E</string>
			</array>
			<key>isa</key>
			<string>PBXGroup</string>
			<key>path</key>
			<string>CacheIntegration</string>
			<key>sourceTree</key>
			<string>&lt;group&gt;</string>
		</dict>
		<key>B060B06E1D2DFD5600A194FA</key>
		<dict>
			<key>fileEncoding</key>
			<string>4</string>
			<key>isa</key>
			<string>PBXFileReference</string>
			<key>lastKnownFileType</key>
			<string>sourcecode.swift</string>
			<key>path</key>
			<string>CacheIntegrationTableViewController.swift</string>
			<key>sourceTree</key>
			<string>&lt;group&gt;</string>
		</dict>
		<key>B060B06F1D2DFD5600A194FA</key>
		<dict>
			<key>fileRef</key>
			<string>B060B06E1D2DFD5600A194FA</string>
			<key>isa</key>
			<string>PBXBuildFile</string>
		</dict>
		<key>B066EF9A1D28B1EE00B0AF29</key>
		<dict>
			<key>children</key>
			<array>
				<string>B0956AC71D2916C7000BC8D0</string>
				<string>B0956AC81D2916C7000BC8D0</string>
				<string>B0956B0E1D2A32D4000BC8D0</string>
				<string>B066EF9B1D28B22600B0AF29</string>
			</array>
			<key>isa</key>
			<string>PBXGroup</string>
			<key>path</key>
			<string>CoreDataIntegration</string>
			<key>sourceTree</key>
			<string>&lt;group&gt;</string>
		</dict>
		<key>B066EF9B1D28B22600B0AF29</key>
		<dict>
			<key>fileEncoding</key>
			<string>4</string>
			<key>isa</key>
			<string>PBXFileReference</string>
			<key>lastKnownFileType</key>
			<string>sourcecode.swift</string>
			<key>path</key>
			<string>CoreDataIntegrationTableViewController.swift</string>
			<key>sourceTree</key>
			<string>&lt;group&gt;</string>
		</dict>
		<key>B066EF9C1D28B22600B0AF29</key>
		<dict>
			<key>fileRef</key>
			<string>B066EF9B1D28B22600B0AF29</string>
			<key>isa</key>
			<string>PBXBuildFile</string>
		</dict>
		<key>B0956AC71D2916C7000BC8D0</key>
		<dict>
			<key>fileEncoding</key>
			<string>4</string>
			<key>isa</key>
			<string>PBXFileReference</string>
			<key>lastKnownFileType</key>
			<string>sourcecode.swift</string>
			<key>path</key>
			<string>CityEntity.swift</string>
			<key>sourceTree</key>
			<string>&lt;group&gt;</string>
		</dict>
		<key>B0956AC81D2916C7000BC8D0</key>
		<dict>
			<key>fileEncoding</key>
			<string>4</string>
			<key>isa</key>
			<string>PBXFileReference</string>
			<key>lastKnownFileType</key>
			<string>sourcecode.swift</string>
			<key>path</key>
			<string>CityEntity+CoreDataProperties.swift</string>
			<key>sourceTree</key>
			<string>&lt;group&gt;</string>
		</dict>
		<key>B0956AC91D2916C7000BC8D0</key>
		<dict>
			<key>fileRef</key>
			<string>B0956AC71D2916C7000BC8D0</string>
			<key>isa</key>
			<string>PBXBuildFile</string>
		</dict>
		<key>B0956ACA1D2916C7000BC8D0</key>
		<dict>
			<key>fileRef</key>
			<string>B0956AC81D2916C7000BC8D0</string>
			<key>isa</key>
			<string>PBXBuildFile</string>
		</dict>
		<key>B0956ACB1D2916D6000BC8D0</key>
		<dict>
			<key>children</key>
			<array>
				<string>B0956ACC1D2916D6000BC8D0</string>
			</array>
			<key>currentVersion</key>
			<string>B0956ACC1D2916D6000BC8D0</string>
			<key>isa</key>
			<string>XCVersionGroup</string>
			<key>path</key>
			<string>Main.xcdatamodeld</string>
			<key>sourceTree</key>
			<string>&lt;group&gt;</string>
			<key>versionGroupType</key>
			<string>wrapper.xcdatamodel</string>
		</dict>
		<key>B0956ACC1D2916D6000BC8D0</key>
		<dict>
			<key>isa</key>
			<string>PBXFileReference</string>
			<key>lastKnownFileType</key>
			<string>wrapper.xcdatamodel</string>
			<key>path</key>
			<string>Main.xcdatamodel</string>
			<key>sourceTree</key>
			<string>&lt;group&gt;</string>
		</dict>
		<key>B0956ACD1D2916D6000BC8D0</key>
		<dict>
			<key>fileRef</key>
			<string>B0956ACB1D2916D6000BC8D0</string>
			<key>isa</key>
			<string>PBXBuildFile</string>
		</dict>
		<key>B0956ACE1D292858000BC8D0</key>
		<dict>
			<key>fileEncoding</key>
			<string>4</string>
			<key>isa</key>
			<string>PBXFileReference</string>
			<key>lastKnownFileType</key>
			<string>sourcecode.swift</string>
			<key>path</key>
			<string>CHFetchedResultsTableViewController.swift</string>
			<key>sourceTree</key>
			<string>&lt;group&gt;</string>
		</dict>
		<key>B0956AD01D2928BB000BC8D0</key>
		<dict>
			<key>fileEncoding</key>
			<string>4</string>
			<key>isa</key>
			<string>PBXFileReference</string>
			<key>lastKnownFileType</key>
			<string>sourcecode.swift</string>
			<key>path</key>
			<string>CHFetchedResultsTableViewControllerTests.swift</string>
			<key>sourceTree</key>
			<string>&lt;group&gt;</string>
		</dict>
		<key>B0956AD11D2928BB000BC8D0</key>
		<dict>
			<key>fileRef</key>
			<string>B0956AD01D2928BB000BC8D0</string>
			<key>isa</key>
			<string>PBXBuildFile</string>
		</dict>
		<key>B0956AD21D292A0B000BC8D0</key>
		<dict>
			<key>fileRef</key>
			<string>B0956ACE1D292858000BC8D0</string>
			<key>isa</key>
			<string>PBXBuildFile</string>
		</dict>
		<key>B0956ADC1D293D0A000BC8D0</key>
		<dict>
			<key>children</key>
			<array>
				<string>B0956ADD1D293D0A000BC8D0</string>
			</array>
			<key>currentVersion</key>
			<string>B0956ADD1D293D0A000BC8D0</string>
			<key>isa</key>
			<string>XCVersionGroup</string>
			<key>path</key>
			<string>Test.xcdatamodeld</string>
			<key>sourceTree</key>
			<string>&lt;group&gt;</string>
			<key>versionGroupType</key>
			<string>wrapper.xcdatamodel</string>
		</dict>
		<key>B0956ADD1D293D0A000BC8D0</key>
		<dict>
			<key>isa</key>
			<string>PBXFileReference</string>
			<key>lastKnownFileType</key>
			<string>wrapper.xcdatamodel</string>
			<key>path</key>
			<string>Main.xcdatamodel</string>
			<key>sourceTree</key>
			<string>&lt;group&gt;</string>
		</dict>
		<key>B0956ADE1D293D0A000BC8D0</key>
		<dict>
			<key>fileRef</key>
			<string>B0956ADC1D293D0A000BC8D0</string>
			<key>isa</key>
			<string>PBXBuildFile</string>
		</dict>
		<key>B0956ADF1D293D21000BC8D0</key>
		<dict>
			<key>fileEncoding</key>
			<string>4</string>
			<key>isa</key>
			<string>PBXFileReference</string>
			<key>lastKnownFileType</key>
			<string>sourcecode.swift</string>
			<key>path</key>
			<string>CityEntity.swift</string>
			<key>sourceTree</key>
			<string>&lt;group&gt;</string>
		</dict>
		<key>B0956AE01D293D21000BC8D0</key>
		<dict>
			<key>fileEncoding</key>
			<string>4</string>
			<key>isa</key>
			<string>PBXFileReference</string>
			<key>lastKnownFileType</key>
			<string>sourcecode.swift</string>
			<key>path</key>
			<string>CityEntity+CoreDataProperties.swift</string>
			<key>sourceTree</key>
			<string>&lt;group&gt;</string>
		</dict>
		<key>B0956AE11D293D21000BC8D0</key>
		<dict>
			<key>fileRef</key>
			<string>B0956ADF1D293D21000BC8D0</string>
			<key>isa</key>
			<string>PBXBuildFile</string>
		</dict>
		<key>B0956AE21D293D21000BC8D0</key>
		<dict>
			<key>fileRef</key>
			<string>B0956AE01D293D21000BC8D0</string>
			<key>isa</key>
			<string>PBXBuildFile</string>
		</dict>
		<key>B0956B071D2A2730000BC8D0</key>
		<dict>
			<key>fileRef</key>
			<string>B0971CEC1D2804E3005BBEE8</string>
			<key>isa</key>
			<string>PBXBuildFile</string>
		</dict>
		<key>B0956B081D2A2730000BC8D0</key>
		<dict>
			<key>fileRef</key>
			<string>B0971CEC1D2804E3005BBEE8</string>
			<key>isa</key>
			<string>PBXBuildFile</string>
			<key>settings</key>
			<dict>
				<key>ATTRIBUTES</key>
				<array>
					<string>CodeSignOnCopy</string>
					<string>RemoveHeadersOnCopy</string>
				</array>
			</dict>
		</dict>
		<key>B0956B091D2A2730000BC8D0</key>
		<dict>
			<key>containerPortal</key>
			<string>B0971CE31D2804E3005BBEE8</string>
			<key>isa</key>
			<string>PBXContainerItemProxy</string>
			<key>proxyType</key>
			<string>1</string>
			<key>remoteGlobalIDString</key>
			<string>B0971CEB1D2804E3005BBEE8</string>
			<key>remoteInfo</key>
			<string>Chocolate</string>
		</dict>
		<key>B0956B0A1D2A2730000BC8D0</key>
		<dict>
			<key>isa</key>
			<string>PBXTargetDependency</string>
			<key>target</key>
			<string>B0971CEB1D2804E3005BBEE8</string>
			<key>targetProxy</key>
			<string>B0956B091D2A2730000BC8D0</string>
		</dict>
		<key>B0956B0B1D2A2730000BC8D0</key>
		<dict>
			<key>buildActionMask</key>
			<string>2147483647</string>
			<key>dstPath</key>
			<string></string>
			<key>dstSubfolderSpec</key>
			<string>10</string>
			<key>files</key>
			<array>
				<string>B0956B081D2A2730000BC8D0</string>
			</array>
			<key>isa</key>
			<string>PBXCopyFilesBuildPhase</string>
			<key>name</key>
			<string>Embed Frameworks</string>
			<key>runOnlyForDeploymentPostprocessing</key>
			<string>0</string>
		</dict>
		<key>B0956B0E1D2A32D4000BC8D0</key>
		<dict>
			<key>fileEncoding</key>
			<string>4</string>
			<key>isa</key>
			<string>PBXFileReference</string>
			<key>lastKnownFileType</key>
			<string>sourcecode.swift</string>
			<key>path</key>
			<string>City.swift</string>
			<key>sourceTree</key>
			<string>&lt;group&gt;</string>
		</dict>
		<key>B0956B0F1D2A32D4000BC8D0</key>
		<dict>
			<key>fileRef</key>
			<string>B0956B0E1D2A32D4000BC8D0</string>
			<key>isa</key>
			<string>PBXBuildFile</string>
		</dict>
		<key>B0971CE21D2804E3005BBEE8</key>
		<dict>
			<key>children</key>
			<array>
				<string>B0971CF71D280536005BBEE8</string>
				<string>B0971CEE1D2804E3005BBEE8</string>
				<string>B0971D071D280ADB005BBEE8</string>
				<string>B0971D1C1D280D3F005BBEE8</string>
				<string>B0971CED1D2804E3005BBEE8</string>
				<string>66DCE72C9802B65E836FD543</string>
				<string>4A14E9FC9ECCA82C5BA706C0</string>
			</array>
			<key>isa</key>
			<string>PBXGroup</string>
			<key>sourceTree</key>
			<string>&lt;group&gt;</string>
		</dict>
		<key>B0971CE31D2804E3005BBEE8</key>
		<dict>
			<key>attributes</key>
			<dict>
				<key>LastSwiftUpdateCheck</key>
				<string>0800</string>
				<key>LastUpgradeCheck</key>
				<string>0800</string>
				<key>ORGANIZATIONNAME</key>
				<string>Tiny World</string>
				<key>TargetAttributes</key>
				<dict>
					<key>B0971CEB1D2804E3005BBEE8</key>
					<dict>
						<key>CreatedOnToolsVersion</key>
						<string>8.0</string>
						<key>DevelopmentTeam</key>
						<string>5CE6946X84</string>
						<key>DevelopmentTeamName</key>
						<string>Yu Chi Hsu</string>
						<key>ProvisioningStyle</key>
						<string>Automatic</string>
					</dict>
					<key>B0971D051D280ADB005BBEE8</key>
					<dict>
						<key>CreatedOnToolsVersion</key>
						<string>8.0</string>
						<key>DevelopmentTeam</key>
						<string>5CE6946X84</string>
						<key>DevelopmentTeamName</key>
						<string>Yu Chi Hsu</string>
						<key>ProvisioningStyle</key>
						<string>Automatic</string>
					</dict>
					<key>B0971D1A1D280D3F005BBEE8</key>
					<dict>
						<key>CreatedOnToolsVersion</key>
						<string>8.0</string>
						<key>DevelopmentTeam</key>
						<string>5CE6946X84</string>
						<key>DevelopmentTeamName</key>
						<string>Yu Chi Hsu</string>
						<key>LastSwiftMigration</key>
						<string>0800</string>
						<key>ProvisioningStyle</key>
						<string>Automatic</string>
					</dict>
				</dict>
			</dict>
			<key>buildConfigurationList</key>
			<string>B0971CE61D2804E3005BBEE8</string>
			<key>compatibilityVersion</key>
			<string>Xcode 3.2</string>
			<key>developmentRegion</key>
			<string>English</string>
			<key>hasScannedForEncodings</key>
			<string>0</string>
			<key>isa</key>
			<string>PBXProject</string>
			<key>knownRegions</key>
			<array>
				<string>en</string>
				<string>Base</string>
			</array>
			<key>mainGroup</key>
			<string>B0971CE21D2804E3005BBEE8</string>
			<key>productRefGroup</key>
			<string>B0971CED1D2804E3005BBEE8</string>
			<key>projectDirPath</key>
			<string></string>
			<key>projectReferences</key>
			<array/>
			<key>projectRoot</key>
			<string></string>
			<key>targets</key>
			<array>
				<string>B0971CEB1D2804E3005BBEE8</string>
				<string>B0971D051D280ADB005BBEE8</string>
				<string>B0971D1A1D280D3F005BBEE8</string>
			</array>
		</dict>
		<key>B0971CE61D2804E3005BBEE8</key>
		<dict>
			<key>buildConfigurations</key>
			<array>
				<string>B0971CF21D2804E3005BBEE8</string>
				<string>B0971CF31D2804E3005BBEE8</string>
			</array>
			<key>defaultConfigurationIsVisible</key>
			<string>0</string>
			<key>defaultConfigurationName</key>
			<string>Release</string>
			<key>isa</key>
			<string>XCConfigurationList</string>
		</dict>
		<key>B0971CE71D2804E3005BBEE8</key>
		<dict>
			<key>buildActionMask</key>
			<string>2147483647</string>
			<key>files</key>
			<array>
				<string>B0971D011D280536005BBEE8</string>
				<string>B0971D001D280536005BBEE8</string>
				<string>B060B0621D2C0EFC00A194FA</string>
				<string>B060B0641D2C140000A194FA</string>
				<string>B0971CFD1D280536005BBEE8</string>
				<string>B0956AD21D292A0B000BC8D0</string>
				<string>B0971CFE1D280536005BBEE8</string>
				<string>B0971CFF1D280536005BBEE8</string>
				<string>B060B0661D2C893800A194FA</string>
			</array>
			<key>isa</key>
			<string>PBXSourcesBuildPhase</string>
			<key>runOnlyForDeploymentPostprocessing</key>
			<string>0</string>
		</dict>
		<key>B0971CE81D2804E3005BBEE8</key>
		<dict>
			<key>buildActionMask</key>
			<string>2147483647</string>
			<key>files</key>
			<array>
				<string>619666D08F0D2ABC6863006B</string>
			</array>
			<key>isa</key>
			<string>PBXFrameworksBuildPhase</string>
			<key>runOnlyForDeploymentPostprocessing</key>
			<string>0</string>
		</dict>
		<key>B0971CE91D2804E3005BBEE8</key>
		<dict>
			<key>buildActionMask</key>
			<string>2147483647</string>
			<key>files</key>
			<array>
				<string>B0971CF01D2804E3005BBEE8</string>
			</array>
			<key>isa</key>
			<string>PBXHeadersBuildPhase</string>
			<key>runOnlyForDeploymentPostprocessing</key>
			<string>0</string>
		</dict>
		<key>B0971CEA1D2804E3005BBEE8</key>
		<dict>
			<key>buildActionMask</key>
			<string>2147483647</string>
			<key>files</key>
			<array/>
			<key>isa</key>
			<string>PBXResourcesBuildPhase</string>
			<key>runOnlyForDeploymentPostprocessing</key>
			<string>0</string>
		</dict>
		<key>B0971CEB1D2804E3005BBEE8</key>
		<dict>
			<key>buildConfigurationList</key>
			<string>B0971CF41D2804E3005BBEE8</string>
			<key>buildPhases</key>
			<array>
				<string>1E2A20B2981FA5E93BA2BC48</string>
				<string>B0971CE71D2804E3005BBEE8</string>
				<string>B0971CE81D2804E3005BBEE8</string>
				<string>B0971CE91D2804E3005BBEE8</string>
				<string>B0971CEA1D2804E3005BBEE8</string>
				<string>5DAA3EA1AE64CD1E6286E3A8</string>
			</array>
			<key>buildRules</key>
			<array/>
			<key>dependencies</key>
			<array/>
			<key>isa</key>
			<string>PBXNativeTarget</string>
			<key>name</key>
			<string>Chocolate</string>
			<key>productName</key>
			<string>Chocolate</string>
			<key>productReference</key>
			<string>B0971CEC1D2804E3005BBEE8</string>
			<key>productType</key>
			<string>com.apple.product-type.framework</string>
		</dict>
		<key>B0971CEC1D2804E3005BBEE8</key>
		<dict>
			<key>explicitFileType</key>
			<string>wrapper.framework</string>
			<key>includeInIndex</key>
			<string>0</string>
			<key>isa</key>
			<string>PBXFileReference</string>
			<key>path</key>
			<string>Chocolate.framework</string>
			<key>sourceTree</key>
			<string>BUILT_PRODUCTS_DIR</string>
		</dict>
		<key>B0971CED1D2804E3005BBEE8</key>
		<dict>
			<key>children</key>
			<array>
				<string>B0971CEC1D2804E3005BBEE8</string>
				<string>B0971D061D280ADB005BBEE8</string>
				<string>B0971D1B1D280D3F005BBEE8</string>
			</array>
			<key>isa</key>
			<string>PBXGroup</string>
			<key>name</key>
			<string>Products</string>
			<key>sourceTree</key>
			<string>&lt;group&gt;</string>
		</dict>
		<key>B0971CEE1D2804E3005BBEE8</key>
		<dict>
			<key>children</key>
			<array>
				<string>B0971CEF1D2804E3005BBEE8</string>
				<string>B0971CF11D2804E3005BBEE8</string>
			</array>
			<key>isa</key>
			<string>PBXGroup</string>
			<key>path</key>
			<string>Chocolate</string>
			<key>sourceTree</key>
			<string>&lt;group&gt;</string>
		</dict>
		<key>B0971CEF1D2804E3005BBEE8</key>
		<dict>
			<key>isa</key>
			<string>PBXFileReference</string>
			<key>lastKnownFileType</key>
			<string>sourcecode.c.h</string>
			<key>path</key>
			<string>Chocolate.h</string>
			<key>sourceTree</key>
			<string>&lt;group&gt;</string>
		</dict>
		<key>B0971CF01D2804E3005BBEE8</key>
		<dict>
			<key>fileRef</key>
			<string>B0971CEF1D2804E3005BBEE8</string>
			<key>isa</key>
			<string>PBXBuildFile</string>
			<key>settings</key>
			<dict>
				<key>ATTRIBUTES</key>
				<array>
					<string>Public</string>
				</array>
			</dict>
		</dict>
		<key>B0971CF11D2804E3005BBEE8</key>
		<dict>
			<key>isa</key>
			<string>PBXFileReference</string>
			<key>lastKnownFileType</key>
			<string>text.plist.xml</string>
			<key>path</key>
			<string>Info.plist</string>
			<key>sourceTree</key>
			<string>&lt;group&gt;</string>
		</dict>
		<key>B0971CF21D2804E3005BBEE8</key>
		<dict>
			<key>buildSettings</key>
			<dict>
				<key>ALWAYS_SEARCH_USER_PATHS</key>
				<string>NO</string>
				<key>CLANG_ANALYZER_NONNULL</key>
				<string>YES</string>
				<key>CLANG_CXX_LANGUAGE_STANDARD</key>
				<string>gnu++0x</string>
				<key>CLANG_CXX_LIBRARY</key>
				<string>libc++</string>
				<key>CLANG_ENABLE_MODULES</key>
				<string>YES</string>
				<key>CLANG_ENABLE_OBJC_ARC</key>
				<string>YES</string>
				<key>CLANG_WARN_BOOL_CONVERSION</key>
				<string>YES</string>
				<key>CLANG_WARN_CONSTANT_CONVERSION</key>
				<string>YES</string>
				<key>CLANG_WARN_DIRECT_OBJC_ISA_USAGE</key>
				<string>YES_ERROR</string>
				<key>CLANG_WARN_DOCUMENTATION_COMMENTS</key>
				<string>YES</string>
				<key>CLANG_WARN_EMPTY_BODY</key>
				<string>YES</string>
				<key>CLANG_WARN_ENUM_CONVERSION</key>
				<string>YES</string>
				<key>CLANG_WARN_INT_CONVERSION</key>
				<string>YES</string>
				<key>CLANG_WARN_OBJC_ROOT_CLASS</key>
				<string>YES_ERROR</string>
				<key>CLANG_WARN_UNREACHABLE_CODE</key>
				<string>YES</string>
				<key>CLANG_WARN__DUPLICATE_METHOD_MATCH</key>
				<string>YES</string>
				<key>CODE_SIGN_IDENTITY[sdk=iphoneos*]</key>
				<string>iPhone Developer</string>
				<key>COPY_PHASE_STRIP</key>
				<string>NO</string>
				<key>CURRENT_PROJECT_VERSION</key>
				<string>1</string>
				<key>DEBUG_INFORMATION_FORMAT</key>
				<string>dwarf</string>
				<key>ENABLE_STRICT_OBJC_MSGSEND</key>
				<string>YES</string>
				<key>ENABLE_TESTABILITY</key>
				<string>YES</string>
				<key>GCC_C_LANGUAGE_STANDARD</key>
				<string>gnu99</string>
				<key>GCC_DYNAMIC_NO_PIC</key>
				<string>NO</string>
				<key>GCC_NO_COMMON_BLOCKS</key>
				<string>YES</string>
				<key>GCC_OPTIMIZATION_LEVEL</key>
				<string>0</string>
				<key>GCC_PREPROCESSOR_DEFINITIONS</key>
				<array>
					<string>DEBUG=1</string>
					<string>$(inherited)</string>
				</array>
				<key>GCC_WARN_64_TO_32_BIT_CONVERSION</key>
				<string>YES</string>
				<key>GCC_WARN_ABOUT_RETURN_TYPE</key>
				<string>YES_ERROR</string>
				<key>GCC_WARN_UNDECLARED_SELECTOR</key>
				<string>YES</string>
				<key>GCC_WARN_UNINITIALIZED_AUTOS</key>
				<string>YES_AGGRESSIVE</string>
				<key>GCC_WARN_UNUSED_FUNCTION</key>
				<string>YES</string>
				<key>GCC_WARN_UNUSED_VARIABLE</key>
				<string>YES</string>
				<key>IPHONEOS_DEPLOYMENT_TARGET</key>
				<string>8.0</string>
				<key>MTL_ENABLE_DEBUG_INFO</key>
				<string>YES</string>
				<key>ONLY_ACTIVE_ARCH</key>
				<string>YES</string>
				<key>SDKROOT</key>
				<string>iphoneos</string>
				<key>SWIFT_ACTIVE_COMPILATION_CONDITIONS</key>
				<string>DEBUG</string>
				<key>SWIFT_OPTIMIZATION_LEVEL</key>
				<string>-Onone</string>
				<key>TARGETED_DEVICE_FAMILY</key>
				<string>1,2</string>
				<key>VERSIONING_SYSTEM</key>
				<string>apple-generic</string>
				<key>VERSION_INFO_PREFIX</key>
				<string></string>
			</dict>
			<key>isa</key>
			<string>XCBuildConfiguration</string>
			<key>name</key>
			<string>Debug</string>
		</dict>
		<key>B0971CF31D2804E3005BBEE8</key>
		<dict>
			<key>buildSettings</key>
			<dict>
				<key>ALWAYS_SEARCH_USER_PATHS</key>
				<string>NO</string>
				<key>CLANG_ANALYZER_NONNULL</key>
				<string>YES</string>
				<key>CLANG_CXX_LANGUAGE_STANDARD</key>
				<string>gnu++0x</string>
				<key>CLANG_CXX_LIBRARY</key>
				<string>libc++</string>
				<key>CLANG_ENABLE_MODULES</key>
				<string>YES</string>
				<key>CLANG_ENABLE_OBJC_ARC</key>
				<string>YES</string>
				<key>CLANG_WARN_BOOL_CONVERSION</key>
				<string>YES</string>
				<key>CLANG_WARN_CONSTANT_CONVERSION</key>
				<string>YES</string>
				<key>CLANG_WARN_DIRECT_OBJC_ISA_USAGE</key>
				<string>YES_ERROR</string>
				<key>CLANG_WARN_DOCUMENTATION_COMMENTS</key>
				<string>YES</string>
				<key>CLANG_WARN_EMPTY_BODY</key>
				<string>YES</string>
				<key>CLANG_WARN_ENUM_CONVERSION</key>
				<string>YES</string>
				<key>CLANG_WARN_INT_CONVERSION</key>
				<string>YES</string>
				<key>CLANG_WARN_OBJC_ROOT_CLASS</key>
				<string>YES_ERROR</string>
				<key>CLANG_WARN_UNREACHABLE_CODE</key>
				<string>YES</string>
				<key>CLANG_WARN__DUPLICATE_METHOD_MATCH</key>
				<string>YES</string>
				<key>CODE_SIGN_IDENTITY[sdk=iphoneos*]</key>
				<string>iPhone Developer</string>
				<key>COPY_PHASE_STRIP</key>
				<string>NO</string>
				<key>CURRENT_PROJECT_VERSION</key>
				<string>1</string>
				<key>DEBUG_INFORMATION_FORMAT</key>
				<string>dwarf-with-dsym</string>
				<key>ENABLE_NS_ASSERTIONS</key>
				<string>NO</string>
				<key>ENABLE_STRICT_OBJC_MSGSEND</key>
				<string>YES</string>
				<key>GCC_C_LANGUAGE_STANDARD</key>
				<string>gnu99</string>
				<key>GCC_NO_COMMON_BLOCKS</key>
				<string>YES</string>
				<key>GCC_WARN_64_TO_32_BIT_CONVERSION</key>
				<string>YES</string>
				<key>GCC_WARN_ABOUT_RETURN_TYPE</key>
				<string>YES_ERROR</string>
				<key>GCC_WARN_UNDECLARED_SELECTOR</key>
				<string>YES</string>
				<key>GCC_WARN_UNINITIALIZED_AUTOS</key>
				<string>YES_AGGRESSIVE</string>
				<key>GCC_WARN_UNUSED_FUNCTION</key>
				<string>YES</string>
				<key>GCC_WARN_UNUSED_VARIABLE</key>
				<string>YES</string>
				<key>IPHONEOS_DEPLOYMENT_TARGET</key>
				<string>8.0</string>
				<key>MTL_ENABLE_DEBUG_INFO</key>
				<string>NO</string>
				<key>SDKROOT</key>
				<string>iphoneos</string>
				<key>SWIFT_OPTIMIZATION_LEVEL</key>
				<string>-Owholemodule</string>
				<key>TARGETED_DEVICE_FAMILY</key>
				<string>1,2</string>
				<key>VALIDATE_PRODUCT</key>
				<string>YES</string>
				<key>VERSIONING_SYSTEM</key>
				<string>apple-generic</string>
				<key>VERSION_INFO_PREFIX</key>
				<string></string>
			</dict>
			<key>isa</key>
			<string>XCBuildConfiguration</string>
			<key>name</key>
			<string>Release</string>
		</dict>
		<key>B0971CF41D2804E3005BBEE8</key>
		<dict>
			<key>buildConfigurations</key>
			<array>
				<string>B0971CF51D2804E3005BBEE8</string>
				<string>B0971CF61D2804E3005BBEE8</string>
			</array>
			<key>defaultConfigurationIsVisible</key>
			<string>0</string>
			<key>defaultConfigurationName</key>
			<string>Release</string>
			<key>isa</key>
			<string>XCConfigurationList</string>
		</dict>
		<key>B0971CF51D2804E3005BBEE8</key>
		<dict>
			<key>baseConfigurationReference</key>
			<string>0342EE9931725EC1D4047591</string>
			<key>buildSettings</key>
			<dict>
				<key>ALWAYS_EMBED_SWIFT_STANDARD_LIBRARIES</key>
				<string>YES</string>
				<key>DEFINES_MODULE</key>
				<string>YES</string>
				<key>DYLIB_COMPATIBILITY_VERSION</key>
				<string>1</string>
				<key>DYLIB_CURRENT_VERSION</key>
				<string>1</string>
				<key>DYLIB_INSTALL_NAME_BASE</key>
				<string>@rpath</string>
				<key>INFOPLIST_FILE</key>
				<string>Chocolate/Info.plist</string>
				<key>INSTALL_PATH</key>
				<string>$(LOCAL_LIBRARY_DIR)/Frameworks</string>
				<key>LD_RUNPATH_SEARCH_PATHS</key>
				<string>$(inherited) @executable_path/Frameworks @loader_path/Frameworks</string>
				<key>PRODUCT_BUNDLE_IDENTIFIER</key>
				<string>com.tinyworld.Chocolate</string>
				<key>PRODUCT_NAME</key>
				<string>$(TARGET_NAME)</string>
				<key>SKIP_INSTALL</key>
				<string>YES</string>
				<key>SWIFT_VERSION</key>
				<string>3.0</string>
			</dict>
			<key>isa</key>
			<string>XCBuildConfiguration</string>
			<key>name</key>
			<string>Debug</string>
		</dict>
		<key>B0971CF61D2804E3005BBEE8</key>
		<dict>
			<key>baseConfigurationReference</key>
			<string>4DE908768A4A877557263C55</string>
			<key>buildSettings</key>
			<dict>
				<key>ALWAYS_EMBED_SWIFT_STANDARD_LIBRARIES</key>
				<string>YES</string>
				<key>DEFINES_MODULE</key>
				<string>YES</string>
				<key>DYLIB_COMPATIBILITY_VERSION</key>
				<string>1</string>
				<key>DYLIB_CURRENT_VERSION</key>
				<string>1</string>
				<key>DYLIB_INSTALL_NAME_BASE</key>
				<string>@rpath</string>
				<key>INFOPLIST_FILE</key>
				<string>Chocolate/Info.plist</string>
				<key>INSTALL_PATH</key>
				<string>$(LOCAL_LIBRARY_DIR)/Frameworks</string>
				<key>LD_RUNPATH_SEARCH_PATHS</key>
				<string>$(inherited) @executable_path/Frameworks @loader_path/Frameworks</string>
				<key>PRODUCT_BUNDLE_IDENTIFIER</key>
				<string>com.tinyworld.Chocolate</string>
				<key>PRODUCT_NAME</key>
				<string>$(TARGET_NAME)</string>
				<key>SKIP_INSTALL</key>
				<string>YES</string>
				<key>SWIFT_VERSION</key>
				<string>3.0</string>
			</dict>
			<key>isa</key>
			<string>XCBuildConfiguration</string>
			<key>name</key>
			<string>Release</string>
		</dict>
		<key>B0971CF71D280536005BBEE8</key>
		<dict>
			<key>children</key>
			<array>
				<string>B0971CF91D280536005BBEE8</string>
				<string>B0971CF81D280536005BBEE8</string>
				<string>B0971CFB1D280536005BBEE8</string>
				<string>B0956ACE1D292858000BC8D0</string>
				<string>B060B0611D2C0EFC00A194FA</string>
				<string>B060B0631D2C140000A194FA</string>
				<string>B060B0651D2C893800A194FA</string>
				<string>B0971CFA1D280536005BBEE8</string>
				<string>B0971CFC1D280536005BBEE8</string>
			</array>
			<key>isa</key>
			<string>PBXGroup</string>
			<key>name</key>
			<string>Source</string>
			<key>path</key>
			<string>../Source</string>
			<key>sourceTree</key>
			<string>&lt;group&gt;</string>
		</dict>
		<key>B0971CF81D280536005BBEE8</key>
		<dict>
			<key>fileEncoding</key>
			<string>4</string>
			<key>isa</key>
			<string>PBXFileReference</string>
			<key>lastKnownFileType</key>
			<string>sourcecode.swift</string>
			<key>path</key>
			<string>CHTableViewController.swift</string>
			<key>sourceTree</key>
			<string>&lt;group&gt;</string>
		</dict>
		<key>B0971CF91D280536005BBEE8</key>
		<dict>
			<key>fileEncoding</key>
			<string>4</string>
			<key>isa</key>
			<string>PBXFileReference</string>
			<key>lastKnownFileType</key>
			<string>sourcecode.swift</string>
			<key>path</key>
			<string>Identifiable.swift</string>
			<key>sourceTree</key>
			<string>&lt;group&gt;</string>
		</dict>
		<key>B0971CFA1D280536005BBEE8</key>
		<dict>
			<key>fileEncoding</key>
			<string>4</string>
			<key>isa</key>
			<string>PBXFileReference</string>
			<key>lastKnownFileType</key>
			<string>sourcecode.swift</string>
			<key>path</key>
			<string>CHTableViewCell.swift</string>
			<key>sourceTree</key>
			<string>&lt;group&gt;</string>
		</dict>
		<key>B0971CFB1D280536005BBEE8</key>
		<dict>
			<key>fileEncoding</key>
			<string>4</string>
			<key>isa</key>
			<string>PBXFileReference</string>
			<key>lastKnownFileType</key>
			<string>sourcecode.swift</string>
			<key>path</key>
			<string>CHSingleCellTypeTableViewController.swift</string>
			<key>sourceTree</key>
			<string>&lt;group&gt;</string>
		</dict>
		<key>B0971CFC1D280536005BBEE8</key>
		<dict>
			<key>fileEncoding</key>
			<string>4</string>
			<key>isa</key>
			<string>PBXFileReference</string>
			<key>lastKnownFileType</key>
			<string>sourcecode.swift</string>
			<key>path</key>
			<string>UITableView+Extensions.swift</string>
			<key>sourceTree</key>
			<string>&lt;group&gt;</string>
		</dict>
		<key>B0971CFD1D280536005BBEE8</key>
		<dict>
			<key>fileRef</key>
			<string>B0971CF81D280536005BBEE8</string>
			<key>isa</key>
			<string>PBXBuildFile</string>
		</dict>
		<key>B0971CFE1D280536005BBEE8</key>
		<dict>
			<key>fileRef</key>
			<string>B0971CF91D280536005BBEE8</string>
			<key>isa</key>
			<string>PBXBuildFile</string>
		</dict>
		<key>B0971CFF1D280536005BBEE8</key>
		<dict>
			<key>fileRef</key>
			<string>B0971CFA1D280536005BBEE8</string>
			<key>isa</key>
			<string>PBXBuildFile</string>
		</dict>
		<key>B0971D001D280536005BBEE8</key>
		<dict>
			<key>fileRef</key>
			<string>B0971CFB1D280536005BBEE8</string>
			<key>isa</key>
			<string>PBXBuildFile</string>
		</dict>
		<key>B0971D011D280536005BBEE8</key>
		<dict>
			<key>fileRef</key>
			<string>B0971CFC1D280536005BBEE8</string>
			<key>isa</key>
			<string>PBXBuildFile</string>
		</dict>
		<key>B0971D021D280ADB005BBEE8</key>
		<dict>
			<key>buildActionMask</key>
			<string>2147483647</string>
			<key>files</key>
			<array>
				<string>B060B0681D2CCA1100A194FA</string>
				<string>B0956AD11D2928BB000BC8D0</string>
				<string>B060B06A1D2CD0D100A194FA</string>
				<string>B0956AE11D293D21000BC8D0</string>
				<string>B0956ADE1D293D0A000BC8D0</string>
				<string>B0971D121D280BC9005BBEE8</string>
				<string>B0971D151D280C44005BBEE8</string>
				<string>B0956AE21D293D21000BC8D0</string>
			</array>
			<key>isa</key>
			<string>PBXSourcesBuildPhase</string>
			<key>runOnlyForDeploymentPostprocessing</key>
			<string>0</string>
		</dict>
		<key>B0971D031D280ADB005BBEE8</key>
		<dict>
			<key>buildActionMask</key>
			<string>2147483647</string>
			<key>files</key>
			<array>
				<string>B0971D0B1D280ADB005BBEE8</string>
				<string>5C948F99904203145E06361C</string>
			</array>
			<key>isa</key>
			<string>PBXFrameworksBuildPhase</string>
			<key>runOnlyForDeploymentPostprocessing</key>
			<string>0</string>
		</dict>
		<key>B0971D041D280ADB005BBEE8</key>
		<dict>
			<key>buildActionMask</key>
			<string>2147483647</string>
			<key>files</key>
			<array>
				<string>B0971D161D280C44005BBEE8</string>
			</array>
			<key>isa</key>
			<string>PBXResourcesBuildPhase</string>
			<key>runOnlyForDeploymentPostprocessing</key>
			<string>0</string>
		</dict>
		<key>B0971D051D280ADB005BBEE8</key>
		<dict>
			<key>buildConfigurationList</key>
			<string>B0971D0E1D280ADB005BBEE8</string>
			<key>buildPhases</key>
			<array>
				<string>57F8BD28536526A918FF1681</string>
				<string>B0971D021D280ADB005BBEE8</string>
				<string>B0971D031D280ADB005BBEE8</string>
				<string>B0971D041D280ADB005BBEE8</string>
				<string>D45245F8C82CB03AA21410F7</string>
				<string>3100ADE055F7256349F471C9</string>
			</array>
			<key>buildRules</key>
			<array/>
			<key>dependencies</key>
			<array>
				<string>B0971D0D1D280ADB005BBEE8</string>
			</array>
			<key>isa</key>
			<string>PBXNativeTarget</string>
			<key>name</key>
			<string>ChocolateTests</string>
			<key>productName</key>
			<string>ChocolateTests</string>
			<key>productReference</key>
			<string>B0971D061D280ADB005BBEE8</string>
			<key>productType</key>
			<string>com.apple.product-type.bundle.unit-test</string>
		</dict>
		<key>B0971D061D280ADB005BBEE8</key>
		<dict>
			<key>explicitFileType</key>
			<string>wrapper.cfbundle</string>
			<key>includeInIndex</key>
			<string>0</string>
			<key>isa</key>
			<string>PBXFileReference</string>
			<key>path</key>
			<string>ChocolateTests.xctest</string>
			<key>sourceTree</key>
			<string>BUILT_PRODUCTS_DIR</string>
		</dict>
		<key>B0971D071D280ADB005BBEE8</key>
		<dict>
			<key>children</key>
			<array>
				<string>B0971D111D280BC9005BBEE8</string>
				<string>B0956AD01D2928BB000BC8D0</string>
				<string>B060B0671D2CCA1100A194FA</string>
				<string>B060B0691D2CD0D100A194FA</string>
				<string>B0971D131D280C44005BBEE8</string>
				<string>B0971D141D280C44005BBEE8</string>
				<string>B0956ADF1D293D21000BC8D0</string>
				<string>B0956AE01D293D21000BC8D0</string>
				<string>B0956ADC1D293D0A000BC8D0</string>
				<string>B0971D0A1D280ADB005BBEE8</string>
			</array>
			<key>isa</key>
			<string>PBXGroup</string>
			<key>path</key>
			<string>ChocolateTests</string>
			<key>sourceTree</key>
			<string>&lt;group&gt;</string>
		</dict>
		<key>B0971D0A1D280ADB005BBEE8</key>
		<dict>
			<key>isa</key>
			<string>PBXFileReference</string>
			<key>lastKnownFileType</key>
			<string>text.plist.xml</string>
			<key>path</key>
			<string>Info.plist</string>
			<key>sourceTree</key>
			<string>&lt;group&gt;</string>
		</dict>
		<key>B0971D0B1D280ADB005BBEE8</key>
		<dict>
			<key>fileRef</key>
			<string>B0971CEC1D2804E3005BBEE8</string>
			<key>isa</key>
			<string>PBXBuildFile</string>
		</dict>
		<key>B0971D0C1D280ADB005BBEE8</key>
		<dict>
			<key>containerPortal</key>
			<string>B0971CE31D2804E3005BBEE8</string>
			<key>isa</key>
			<string>PBXContainerItemProxy</string>
			<key>proxyType</key>
			<string>1</string>
			<key>remoteGlobalIDString</key>
			<string>B0971CEB1D2804E3005BBEE8</string>
			<key>remoteInfo</key>
			<string>Chocolate</string>
		</dict>
		<key>B0971D0D1D280ADB005BBEE8</key>
		<dict>
			<key>isa</key>
			<string>PBXTargetDependency</string>
			<key>target</key>
			<string>B0971CEB1D2804E3005BBEE8</string>
			<key>targetProxy</key>
			<string>B0971D0C1D280ADB005BBEE8</string>
		</dict>
		<key>B0971D0E1D280ADB005BBEE8</key>
		<dict>
			<key>buildConfigurations</key>
			<array>
				<string>B0971D0F1D280ADB005BBEE8</string>
				<string>B0971D101D280ADB005BBEE8</string>
			</array>
			<key>defaultConfigurationIsVisible</key>
			<string>0</string>
			<key>defaultConfigurationName</key>
			<string>Release</string>
			<key>isa</key>
			<string>XCConfigurationList</string>
		</dict>
		<key>B0971D0F1D280ADB005BBEE8</key>
		<dict>
			<key>baseConfigurationReference</key>
			<string>7765E0B2099F51548F99B86C</string>
			<key>buildSettings</key>
			<dict>
				<key>ALWAYS_EMBED_SWIFT_STANDARD_LIBRARIES</key>
				<string>YES</string>
				<key>INFOPLIST_FILE</key>
				<string>ChocolateTests/Info.plist</string>
				<key>IPHONEOS_DEPLOYMENT_TARGET</key>
				<string>10.0</string>
				<key>LD_RUNPATH_SEARCH_PATHS</key>
				<string>$(inherited) @executable_path/Frameworks @loader_path/Frameworks</string>
				<key>PRODUCT_BUNDLE_IDENTIFIER</key>
				<string>com.tinyworld.ChocolateTests</string>
				<key>PRODUCT_NAME</key>
				<string>$(TARGET_NAME)</string>
				<key>SWIFT_VERSION</key>
				<string>3.0</string>
			</dict>
			<key>isa</key>
			<string>XCBuildConfiguration</string>
			<key>name</key>
			<string>Debug</string>
		</dict>
		<key>B0971D101D280ADB005BBEE8</key>
		<dict>
			<key>baseConfigurationReference</key>
			<string>9760C9EB116DEFADF50E95DE</string>
			<key>buildSettings</key>
			<dict>
				<key>ALWAYS_EMBED_SWIFT_STANDARD_LIBRARIES</key>
				<string>YES</string>
				<key>INFOPLIST_FILE</key>
				<string>ChocolateTests/Info.plist</string>
				<key>IPHONEOS_DEPLOYMENT_TARGET</key>
				<string>10.0</string>
				<key>LD_RUNPATH_SEARCH_PATHS</key>
				<string>$(inherited) @executable_path/Frameworks @loader_path/Frameworks</string>
				<key>PRODUCT_BUNDLE_IDENTIFIER</key>
				<string>com.tinyworld.ChocolateTests</string>
				<key>PRODUCT_NAME</key>
				<string>$(TARGET_NAME)</string>
				<key>SWIFT_VERSION</key>
				<string>3.0</string>
			</dict>
			<key>isa</key>
			<string>XCBuildConfiguration</string>
			<key>name</key>
			<string>Release</string>
		</dict>
		<key>B0971D111D280BC9005BBEE8</key>
		<dict>
			<key>fileEncoding</key>
			<string>4</string>
			<key>isa</key>
			<string>PBXFileReference</string>
			<key>lastKnownFileType</key>
			<string>sourcecode.swift</string>
			<key>path</key>
			<string>CHSingleCellTypeTableViewControllerTests.swift</string>
			<key>sourceTree</key>
			<string>&lt;group&gt;</string>
		</dict>
		<key>B0971D121D280BC9005BBEE8</key>
		<dict>
			<key>fileRef</key>
			<string>B0971D111D280BC9005BBEE8</string>
			<key>isa</key>
			<string>PBXBuildFile</string>
		</dict>
		<key>B0971D131D280C44005BBEE8</key>
		<dict>
			<key>fileEncoding</key>
			<string>4</string>
			<key>isa</key>
			<string>PBXFileReference</string>
			<key>lastKnownFileType</key>
			<string>sourcecode.swift</string>
			<key>path</key>
			<string>TestTableViewCell.swift</string>
			<key>sourceTree</key>
			<string>&lt;group&gt;</string>
		</dict>
		<key>B0971D141D280C44005BBEE8</key>
		<dict>
			<key>fileEncoding</key>
			<string>4</string>
			<key>isa</key>
			<string>PBXFileReference</string>
			<key>lastKnownFileType</key>
			<string>file.xib</string>
			<key>path</key>
			<string>TestTableViewCell.xib</string>
			<key>sourceTree</key>
			<string>&lt;group&gt;</string>
		</dict>
		<key>B0971D151D280C44005BBEE8</key>
		<dict>
			<key>fileRef</key>
			<string>B0971D131D280C44005BBEE8</string>
			<key>isa</key>
			<string>PBXBuildFile</string>
		</dict>
		<key>B0971D161D280C44005BBEE8</key>
		<dict>
			<key>fileRef</key>
			<string>B0971D141D280C44005BBEE8</string>
			<key>isa</key>
			<string>PBXBuildFile</string>
		</dict>
		<key>B0971D171D280D3F005BBEE8</key>
		<dict>
			<key>buildActionMask</key>
			<string>2147483647</string>
			<key>files</key>
			<array>
				<string>B0971D1E1D280D3F005BBEE8</string>
				<string>B06072E71D2E3B710044A13E</string>
				<string>B06072EA1D2E405F0044A13E</string>
				<string>B0956AC91D2916C7000BC8D0</string>
				<string>B0956B0F1D2A32D4000BC8D0</string>
				<string>B060B06F1D2DFD5600A194FA</string>
				<string>B0971D341D280DC4005BBEE8</string>
				<string>B0956ACA1D2916C7000BC8D0</string>
				<string>B0971D331D280DC4005BBEE8</string>
				<string>B0EFC42B1D2BDBD300054A3A</string>
				<string>B0971D2E1D280D9D005BBEE8</string>
				<string>B0956ACD1D2916D6000BC8D0</string>
				<string>B06072E61D2E3B710044A13E</string>
				<string>B066EF9C1D28B22600B0AF29</string>
				<string>B0EFC42D1D2BDC6500054A3A</string>
			</array>
			<key>isa</key>
			<string>PBXSourcesBuildPhase</string>
			<key>runOnlyForDeploymentPostprocessing</key>
			<string>0</string>
		</dict>
		<key>B0971D181D280D3F005BBEE8</key>
		<dict>
			<key>buildActionMask</key>
			<string>2147483647</string>
			<key>files</key>
			<array>
				<string>B0956B071D2A2730000BC8D0</string>
				<string>3860B4A3CAC16D389168B00C</string>
			</array>
			<key>isa</key>
			<string>PBXFrameworksBuildPhase</string>
			<key>runOnlyForDeploymentPostprocessing</key>
			<string>0</string>
		</dict>
		<key>B0971D191D280D3F005BBEE8</key>
		<dict>
			<key>buildActionMask</key>
			<string>2147483647</string>
			<key>files</key>
			<array>
				<string>B0971D351D280DC4005BBEE8</string>
				<string>B0971D281D280D3F005BBEE8</string>
				<string>B0971D251D280D3F005BBEE8</string>
			</array>
			<key>isa</key>
			<string>PBXResourcesBuildPhase</string>
			<key>runOnlyForDeploymentPostprocessing</key>
			<string>0</string>
		</dict>
		<key>B0971D1A1D280D3F005BBEE8</key>
		<dict>
			<key>buildConfigurationList</key>
			<string>B0971D2A1D280D3F005BBEE8</string>
			<key>buildPhases</key>
			<array>
				<string>4653371F98697D5E7008851C</string>
				<string>B0971D171D280D3F005BBEE8</string>
				<string>B0971D181D280D3F005BBEE8</string>
				<string>B0971D191D280D3F005BBEE8</string>
				<string>B0956B0B1D2A2730000BC8D0</string>
				<string>788A84071F078708516134B4</string>
				<string>E6D2FB2EC8B25C21CBE644A4</string>
			</array>
			<key>buildRules</key>
			<array/>
			<key>dependencies</key>
			<array>
				<string>B0956B0A1D2A2730000BC8D0</string>
			</array>
			<key>isa</key>
			<string>PBXNativeTarget</string>
			<key>name</key>
			<string>ChocolateExamples</string>
			<key>productName</key>
			<string>ChocolateExamples</string>
			<key>productReference</key>
			<string>B0971D1B1D280D3F005BBEE8</string>
			<key>productType</key>
			<string>com.apple.product-type.application</string>
		</dict>
		<key>B0971D1B1D280D3F005BBEE8</key>
		<dict>
			<key>explicitFileType</key>
			<string>wrapper.application</string>
			<key>includeInIndex</key>
			<string>0</string>
			<key>isa</key>
			<string>PBXFileReference</string>
			<key>path</key>
			<string>ChocolateExamples.app</string>
			<key>sourceTree</key>
			<string>BUILT_PRODUCTS_DIR</string>
		</dict>
		<key>B0971D1C1D280D3F005BBEE8</key>
		<dict>
			<key>children</key>
			<array>
				<string>B0971D1D1D280D3F005BBEE8</string>
				<string>B0971D2D1D280D9D005BBEE8</string>
				<string>B066EF9A1D28B1EE00B0AF29</string>
				<string>B0971D2F1D280DC4005BBEE8</string>
				<string>B04466001D2B47E4004CB0E9</string>
				<string>B060B06B1D2DFCEA00A194FA</string>
				<string>B0971D241D280D3F005BBEE8</string>
				<string>B0956ACB1D2916D6000BC8D0</string>
				<string>B0971D261D280D3F005BBEE8</string>
				<string>B0971D291D280D3F005BBEE8</string>
			</array>
			<key>isa</key>
			<string>PBXGroup</string>
			<key>path</key>
			<string>ChocolateExamples</string>
			<key>sourceTree</key>
			<string>&lt;group&gt;</string>
		</dict>
		<key>B0971D1D1D280D3F005BBEE8</key>
		<dict>
			<key>isa</key>
			<string>PBXFileReference</string>
			<key>lastKnownFileType</key>
			<string>sourcecode.swift</string>
			<key>path</key>
			<string>AppDelegate.swift</string>
			<key>sourceTree</key>
			<string>&lt;group&gt;</string>
		</dict>
		<key>B0971D1E1D280D3F005BBEE8</key>
		<dict>
			<key>fileRef</key>
			<string>B0971D1D1D280D3F005BBEE8</string>
			<key>isa</key>
			<string>PBXBuildFile</string>
		</dict>
		<key>B0971D241D280D3F005BBEE8</key>
		<dict>
			<key>isa</key>
			<string>PBXFileReference</string>
			<key>lastKnownFileType</key>
			<string>folder.assetcatalog</string>
			<key>path</key>
			<string>Assets.xcassets</string>
			<key>sourceTree</key>
			<string>&lt;group&gt;</string>
		</dict>
		<key>B0971D251D280D3F005BBEE8</key>
		<dict>
			<key>fileRef</key>
			<string>B0971D241D280D3F005BBEE8</string>
			<key>isa</key>
			<string>PBXBuildFile</string>
		</dict>
		<key>B0971D261D280D3F005BBEE8</key>
		<dict>
			<key>children</key>
			<array>
				<string>B0971D271D280D3F005BBEE8</string>
			</array>
			<key>isa</key>
			<string>PBXVariantGroup</string>
			<key>name</key>
			<string>LaunchScreen.storyboard</string>
			<key>sourceTree</key>
			<string>&lt;group&gt;</string>
		</dict>
		<key>B0971D271D280D3F005BBEE8</key>
		<dict>
			<key>isa</key>
			<string>PBXFileReference</string>
			<key>lastKnownFileType</key>
			<string>file.storyboard</string>
			<key>name</key>
			<string>Base</string>
			<key>path</key>
			<string>Base.lproj/LaunchScreen.storyboard</string>
			<key>sourceTree</key>
			<string>&lt;group&gt;</string>
		</dict>
		<key>B0971D281D280D3F005BBEE8</key>
		<dict>
			<key>fileRef</key>
			<string>B0971D261D280D3F005BBEE8</string>
			<key>isa</key>
			<string>PBXBuildFile</string>
		</dict>
		<key>B0971D291D280D3F005BBEE8</key>
		<dict>
			<key>isa</key>
			<string>PBXFileReference</string>
			<key>lastKnownFileType</key>
			<string>text.plist.xml</string>
			<key>path</key>
			<string>Info.plist</string>
			<key>sourceTree</key>
			<string>&lt;group&gt;</string>
		</dict>
		<key>B0971D2A1D280D3F005BBEE8</key>
		<dict>
			<key>buildConfigurations</key>
			<array>
				<string>B0971D2B1D280D3F005BBEE8</string>
				<string>B0971D2C1D280D3F005BBEE8</string>
			</array>
			<key>defaultConfigurationIsVisible</key>
			<string>0</string>
			<key>defaultConfigurationName</key>
			<string>Release</string>
			<key>isa</key>
			<string>XCConfigurationList</string>
		</dict>
		<key>B0971D2B1D280D3F005BBEE8</key>
		<dict>
			<key>baseConfigurationReference</key>
			<string>25C714340EF4E7519A5D4CEF</string>
			<key>buildSettings</key>
			<dict>
				<key>ALWAYS_EMBED_SWIFT_STANDARD_LIBRARIES</key>
				<string>YES</string>
				<key>ASSETCATALOG_COMPILER_APPICON_NAME</key>
				<string>AppIcon</string>
				<key>CLANG_ENABLE_MODULES</key>
				<string>YES</string>
				<key>INFOPLIST_FILE</key>
				<string>ChocolateExamples/Info.plist</string>
				<key>IPHONEOS_DEPLOYMENT_TARGET</key>
				<string>8.0</string>
				<key>LD_RUNPATH_SEARCH_PATHS</key>
				<string>$(inherited) @executable_path/Frameworks</string>
				<key>PRODUCT_BUNDLE_IDENTIFIER</key>
				<string>com.tinyworld.ChocolateExamples</string>
				<key>PRODUCT_NAME</key>
				<string>$(TARGET_NAME)</string>
				<key>SWIFT_OPTIMIZATION_LEVEL</key>
				<string>-Onone</string>
				<key>SWIFT_VERSION</key>
				<string>3.0</string>
			</dict>
			<key>isa</key>
			<string>XCBuildConfiguration</string>
			<key>name</key>
			<string>Debug</string>
		</dict>
		<key>B0971D2C1D280D3F005BBEE8</key>
		<dict>
			<key>baseConfigurationReference</key>
			<string>2D31B77525090737386FD008</string>
			<key>buildSettings</key>
			<dict>
				<key>ALWAYS_EMBED_SWIFT_STANDARD_LIBRARIES</key>
				<string>YES</string>
				<key>ASSETCATALOG_COMPILER_APPICON_NAME</key>
				<string>AppIcon</string>
				<key>CLANG_ENABLE_MODULES</key>
				<string>YES</string>
				<key>INFOPLIST_FILE</key>
				<string>ChocolateExamples/Info.plist</string>
				<key>IPHONEOS_DEPLOYMENT_TARGET</key>
				<string>8.0</string>
				<key>LD_RUNPATH_SEARCH_PATHS</key>
				<string>$(inherited) @executable_path/Frameworks</string>
				<key>PRODUCT_BUNDLE_IDENTIFIER</key>
				<string>com.tinyworld.ChocolateExamples</string>
				<key>PRODUCT_NAME</key>
				<string>$(TARGET_NAME)</string>
				<key>SWIFT_VERSION</key>
				<string>3.0</string>
			</dict>
			<key>isa</key>
			<string>XCBuildConfiguration</string>
			<key>name</key>
			<string>Release</string>
		</dict>
		<key>B0971D2D1D280D9D005BBEE8</key>
		<dict>
			<key>fileEncoding</key>
			<string>4</string>
			<key>isa</key>
			<string>PBXFileReference</string>
			<key>lastKnownFileType</key>
			<string>sourcecode.swift</string>
			<key>path</key>
			<string>CatalogueTableViewController.swift</string>
			<key>sourceTree</key>
			<string>&lt;group&gt;</string>
		</dict>
		<key>B0971D2E1D280D9D005BBEE8</key>
		<dict>
			<key>fileRef</key>
			<string>B0971D2D1D280D9D005BBEE8</string>
			<key>isa</key>
			<string>PBXBuildFile</string>
		</dict>
		<key>B0971D2F1D280DC4005BBEE8</key>
		<dict>
			<key>children</key>
			<array>
				<string>B0971D301D280DC4005BBEE8</string>
				<string>B0971D311D280DC4005BBEE8</string>
				<string>B0971D321D280DC4005BBEE8</string>
			</array>
			<key>isa</key>
			<string>PBXGroup</string>
			<key>path</key>
			<string>DynamicCellContent</string>
			<key>sourceTree</key>
			<string>&lt;group&gt;</string>
		</dict>
		<key>B0971D301D280DC4005BBEE8</key>
		<dict>
			<key>fileEncoding</key>
			<string>4</string>
			<key>isa</key>
			<string>PBXFileReference</string>
			<key>lastKnownFileType</key>
			<string>sourcecode.swift</string>
			<key>path</key>
			<string>DynamicCellContentTableViewController.swift</string>
			<key>sourceTree</key>
			<string>&lt;group&gt;</string>
		</dict>
		<key>B0971D311D280DC4005BBEE8</key>
		<dict>
			<key>fileEncoding</key>
			<string>4</string>
			<key>isa</key>
			<string>PBXFileReference</string>
			<key>lastKnownFileType</key>
			<string>sourcecode.swift</string>
			<key>path</key>
			<string>TemplateTableViewCell.swift</string>
			<key>sourceTree</key>
			<string>&lt;group&gt;</string>
		</dict>
		<key>B0971D321D280DC4005BBEE8</key>
		<dict>
			<key>fileEncoding</key>
			<string>4</string>
			<key>isa</key>
			<string>PBXFileReference</string>
			<key>lastKnownFileType</key>
			<string>file.xib</string>
			<key>path</key>
			<string>TemplateTableViewCell.xib</string>
			<key>sourceTree</key>
			<string>&lt;group&gt;</string>
		</dict>
		<key>B0971D331D280DC4005BBEE8</key>
		<dict>
			<key>fileRef</key>
			<string>B0971D301D280DC4005BBEE8</string>
			<key>isa</key>
			<string>PBXBuildFile</string>
		</dict>
		<key>B0971D341D280DC4005BBEE8</key>
		<dict>
			<key>fileRef</key>
			<string>B0971D311D280DC4005BBEE8</string>
			<key>isa</key>
			<string>PBXBuildFile</string>
		</dict>
		<key>B0971D351D280DC4005BBEE8</key>
		<dict>
			<key>fileRef</key>
			<string>B0971D321D280DC4005BBEE8</string>
			<key>isa</key>
			<string>PBXBuildFile</string>
		</dict>
		<key>B0EFC42A1D2BDBD300054A3A</key>
		<dict>
			<key>fileEncoding</key>
			<string>4</string>
			<key>isa</key>
			<string>PBXFileReference</string>
			<key>lastKnownFileType</key>
			<string>sourcecode.swift</string>
			<key>path</key>
			<string>WebServiceIntegrationTableViewController.swift</string>
			<key>sourceTree</key>
			<string>&lt;group&gt;</string>
		</dict>
		<key>B0EFC42B1D2BDBD300054A3A</key>
		<dict>
			<key>fileRef</key>
			<string>B0EFC42A1D2BDBD300054A3A</string>
			<key>isa</key>
			<string>PBXBuildFile</string>
		</dict>
		<key>B0EFC42C1D2BDC6500054A3A</key>
		<dict>
			<key>fileEncoding</key>
			<string>4</string>
			<key>isa</key>
			<string>PBXFileReference</string>
			<key>lastKnownFileType</key>
			<string>sourcecode.swift</string>
			<key>path</key>
			<string>SongModel.swift</string>
			<key>sourceTree</key>
			<string>&lt;group&gt;</string>
		</dict>
		<key>B0EFC42D1D2BDC6500054A3A</key>
		<dict>
			<key>fileRef</key>
			<string>B0EFC42C1D2BDC6500054A3A</string>
			<key>isa</key>
			<string>PBXBuildFile</string>
		</dict>
		<key>D45245F8C82CB03AA21410F7</key>
		<dict>
			<key>buildActionMask</key>
			<string>2147483647</string>
			<key>files</key>
			<array/>
			<key>inputPaths</key>
			<array/>
			<key>isa</key>
			<string>PBXShellScriptBuildPhase</string>
			<key>name</key>
			<string>[CP] Embed Pods Frameworks</string>
			<key>outputPaths</key>
			<array/>
			<key>runOnlyForDeploymentPostprocessing</key>
			<string>0</string>
			<key>shellPath</key>
			<string>/bin/sh</string>
			<key>shellScript</key>
			<string>"${SRCROOT}/Pods/Target Support Files/Pods-ChocolateTests/Pods-ChocolateTests-frameworks.sh"
</string>
			<key>showEnvVarsInLog</key>
			<string>0</string>
		</dict>
		<key>D795B160D4E3A98DE5FC2E03</key>
		<dict>
			<key>explicitFileType</key>
			<string>wrapper.framework</string>
			<key>includeInIndex</key>
			<string>0</string>
			<key>isa</key>
			<string>PBXFileReference</string>
			<key>path</key>
			<string>Pods_Chocolate.framework</string>
			<key>sourceTree</key>
			<string>BUILT_PRODUCTS_DIR</string>
		</dict>
		<key>DD43660BDDA9539C854081EF</key>
		<dict>
			<key>explicitFileType</key>
			<string>wrapper.framework</string>
			<key>includeInIndex</key>
			<string>0</string>
			<key>isa</key>
			<string>PBXFileReference</string>
			<key>path</key>
			<string>Pods_ChocolateExamples.framework</string>
			<key>sourceTree</key>
			<string>BUILT_PRODUCTS_DIR</string>
		</dict>
		<key>E6D2FB2EC8B25C21CBE644A4</key>
		<dict>
			<key>buildActionMask</key>
			<string>2147483647</string>
			<key>files</key>
			<array/>
			<key>inputPaths</key>
			<array/>
			<key>isa</key>
			<string>PBXShellScriptBuildPhase</string>
			<key>name</key>
			<string>[CP] Copy Pods Resources</string>
			<key>outputPaths</key>
			<array/>
			<key>runOnlyForDeploymentPostprocessing</key>
			<string>0</string>
			<key>shellPath</key>
			<string>/bin/sh</string>
			<key>shellScript</key>
			<string>"${SRCROOT}/Pods/Target Support Files/Pods-ChocolateExamples/Pods-ChocolateExamples-resources.sh"
</string>
			<key>showEnvVarsInLog</key>
			<string>0</string>
		</dict>
	</dict>
	<key>rootObject</key>
	<string>B0971CE31D2804E3005BBEE8</string>
</dict>
</plist>
