// !$*UTF8*$!
{
	archiveVersion = 1;
	classes = {
	};
	objectVersion = 46;
	objects = {

/* Begin PBXBuildFile section */
		38C6AE610FECC734E67C49FD /* Pods_ChocolateExamples.framework in Frameworks */ = {isa = PBXBuildFile; fileRef = 1781B8ED070E5E5D7FB14C01 /* Pods_ChocolateExamples.framework */; };
		B066EF9C1D28B22600B0AF29 /* CoreDataIntegrationTableViewController.swift in Sources */ = {isa = PBXBuildFile; fileRef = B066EF9B1D28B22600B0AF29 /* CoreDataIntegrationTableViewController.swift */; };
		B0956AC91D2916C7000BC8D0 /* CityEntity.swift in Sources */ = {isa = PBXBuildFile; fileRef = B0956AC71D2916C7000BC8D0 /* CityEntity.swift */; };
		B0956ACA1D2916C7000BC8D0 /* CityEntity+CoreDataProperties.swift in Sources */ = {isa = PBXBuildFile; fileRef = B0956AC81D2916C7000BC8D0 /* CityEntity+CoreDataProperties.swift */; };
		B0956ACD1D2916D6000BC8D0 /* Main.xcdatamodeld in Sources */ = {isa = PBXBuildFile; fileRef = B0956ACB1D2916D6000BC8D0 /* Main.xcdatamodeld */; };
		B0971CF01D2804E3005BBEE8 /* Chocolate.h in Headers */ = {isa = PBXBuildFile; fileRef = B0971CEF1D2804E3005BBEE8 /* Chocolate.h */; settings = {ATTRIBUTES = (Public, ); }; };
		B0971CFD1D280536005BBEE8 /* CHTableViewController.swift in Sources */ = {isa = PBXBuildFile; fileRef = B0971CF81D280536005BBEE8 /* CHTableViewController.swift */; };
		B0971CFE1D280536005BBEE8 /* Identifiable.swift in Sources */ = {isa = PBXBuildFile; fileRef = B0971CF91D280536005BBEE8 /* Identifiable.swift */; };
		B0971CFF1D280536005BBEE8 /* CHTableViewCell.swift in Sources */ = {isa = PBXBuildFile; fileRef = B0971CFA1D280536005BBEE8 /* CHTableViewCell.swift */; };
		B0971D001D280536005BBEE8 /* CHSingleCellTypeTableViewController.swift in Sources */ = {isa = PBXBuildFile; fileRef = B0971CFB1D280536005BBEE8 /* CHSingleCellTypeTableViewController.swift */; };
		B0971D011D280536005BBEE8 /* UITableView+Extensions.swift in Sources */ = {isa = PBXBuildFile; fileRef = B0971CFC1D280536005BBEE8 /* UITableView+Extensions.swift */; };
		B0971D0B1D280ADB005BBEE8 /* Chocolate.framework in Frameworks */ = {isa = PBXBuildFile; fileRef = B0971CEC1D2804E3005BBEE8 /* Chocolate.framework */; };
		B0971D121D280BC9005BBEE8 /* CHSingleCellTypeTableViewControllerTests.swift in Sources */ = {isa = PBXBuildFile; fileRef = B0971D111D280BC9005BBEE8 /* CHSingleCellTypeTableViewControllerTests.swift */; };
		B0971D151D280C44005BBEE8 /* TestTableViewCell.swift in Sources */ = {isa = PBXBuildFile; fileRef = B0971D131D280C44005BBEE8 /* TestTableViewCell.swift */; };
		B0971D161D280C44005BBEE8 /* TestTableViewCell.xib in Resources */ = {isa = PBXBuildFile; fileRef = B0971D141D280C44005BBEE8 /* TestTableViewCell.xib */; };
		B0971D1E1D280D3F005BBEE8 /* AppDelegate.swift in Sources */ = {isa = PBXBuildFile; fileRef = B0971D1D1D280D3F005BBEE8 /* AppDelegate.swift */; };
		B0971D251D280D3F005BBEE8 /* Assets.xcassets in Resources */ = {isa = PBXBuildFile; fileRef = B0971D241D280D3F005BBEE8 /* Assets.xcassets */; };
		B0971D281D280D3F005BBEE8 /* LaunchScreen.storyboard in Resources */ = {isa = PBXBuildFile; fileRef = B0971D261D280D3F005BBEE8 /* LaunchScreen.storyboard */; };
		B0971D2E1D280D9D005BBEE8 /* CatalogueTableViewController.swift in Sources */ = {isa = PBXBuildFile; fileRef = B0971D2D1D280D9D005BBEE8 /* CatalogueTableViewController.swift */; };
		B0971D331D280DC4005BBEE8 /* DynamicCellContentTableViewController.swift in Sources */ = {isa = PBXBuildFile; fileRef = B0971D301D280DC4005BBEE8 /* DynamicCellContentTableViewController.swift */; };
		B0971D341D280DC4005BBEE8 /* TemplateTableViewCell.swift in Sources */ = {isa = PBXBuildFile; fileRef = B0971D311D280DC4005BBEE8 /* TemplateTableViewCell.swift */; };
		B0971D351D280DC4005BBEE8 /* TemplateTableViewCell.xib in Resources */ = {isa = PBXBuildFile; fileRef = B0971D321D280DC4005BBEE8 /* TemplateTableViewCell.xib */; };
		C6074CB8CCCF2F467D49AF68 /* Pods_Chocolate.framework in Frameworks */ = {isa = PBXBuildFile; fileRef = 2B302192AAA4972DE59234E9 /* Pods_Chocolate.framework */; };
/* End PBXBuildFile section */

/* Begin PBXContainerItemProxy section */
		B0971D0C1D280ADB005BBEE8 /* PBXContainerItemProxy */ = {
			isa = PBXContainerItemProxy;
			containerPortal = B0971CE31D2804E3005BBEE8 /* Project object */;
			proxyType = 1;
			remoteGlobalIDString = B0971CEB1D2804E3005BBEE8;
			remoteInfo = Chocolate;
		};
/* End PBXContainerItemProxy section */

/* Begin PBXFileReference section */
		0CF87D6BC4EEA21694901986 /* Pods-Chocolate.debug.xcconfig */ = {isa = PBXFileReference; includeInIndex = 1; lastKnownFileType = text.xcconfig; name = "Pods-Chocolate.debug.xcconfig"; path = "Pods/Target Support Files/Pods-Chocolate/Pods-Chocolate.debug.xcconfig"; sourceTree = "<group>"; };
		1781B8ED070E5E5D7FB14C01 /* Pods_ChocolateExamples.framework */ = {isa = PBXFileReference; explicitFileType = wrapper.framework; includeInIndex = 0; path = Pods_ChocolateExamples.framework; sourceTree = BUILT_PRODUCTS_DIR; };
		2B302192AAA4972DE59234E9 /* Pods_Chocolate.framework */ = {isa = PBXFileReference; explicitFileType = wrapper.framework; includeInIndex = 0; path = Pods_Chocolate.framework; sourceTree = BUILT_PRODUCTS_DIR; };
		4C4A2F345486FB3E63A37DD3 /* Pods-ChocolateExamples.release.xcconfig */ = {isa = PBXFileReference; includeInIndex = 1; lastKnownFileType = text.xcconfig; name = "Pods-ChocolateExamples.release.xcconfig"; path = "Pods/Target Support Files/Pods-ChocolateExamples/Pods-ChocolateExamples.release.xcconfig"; sourceTree = "<group>"; };
		966BD1020331A7EB0727167C /* Pods-ChocolateExamples.debug.xcconfig */ = {isa = PBXFileReference; includeInIndex = 1; lastKnownFileType = text.xcconfig; name = "Pods-ChocolateExamples.debug.xcconfig"; path = "Pods/Target Support Files/Pods-ChocolateExamples/Pods-ChocolateExamples.debug.xcconfig"; sourceTree = "<group>"; };
		9ED07AB182590A1D4A73CD0B /* Pods-Chocolate.release.xcconfig */ = {isa = PBXFileReference; includeInIndex = 1; lastKnownFileType = text.xcconfig; name = "Pods-Chocolate.release.xcconfig"; path = "Pods/Target Support Files/Pods-Chocolate/Pods-Chocolate.release.xcconfig"; sourceTree = "<group>"; };
		B066EF9B1D28B22600B0AF29 /* CoreDataIntegrationTableViewController.swift */ = {isa = PBXFileReference; fileEncoding = 4; lastKnownFileType = sourcecode.swift; path = CoreDataIntegrationTableViewController.swift; sourceTree = "<group>"; };
		B0956AC71D2916C7000BC8D0 /* CityEntity.swift */ = {isa = PBXFileReference; fileEncoding = 4; lastKnownFileType = sourcecode.swift; path = CityEntity.swift; sourceTree = "<group>"; };
		B0956AC81D2916C7000BC8D0 /* CityEntity+CoreDataProperties.swift */ = {isa = PBXFileReference; fileEncoding = 4; lastKnownFileType = sourcecode.swift; path = "CityEntity+CoreDataProperties.swift"; sourceTree = "<group>"; };
		B0956ACC1D2916D6000BC8D0 /* Main.xcdatamodel */ = {isa = PBXFileReference; lastKnownFileType = wrapper.xcdatamodel; path = Main.xcdatamodel; sourceTree = "<group>"; };
		B0971CEC1D2804E3005BBEE8 /* Chocolate.framework */ = {isa = PBXFileReference; explicitFileType = wrapper.framework; includeInIndex = 0; path = Chocolate.framework; sourceTree = BUILT_PRODUCTS_DIR; };
		B0971CEF1D2804E3005BBEE8 /* Chocolate.h */ = {isa = PBXFileReference; lastKnownFileType = sourcecode.c.h; path = Chocolate.h; sourceTree = "<group>"; };
		B0971CF11D2804E3005BBEE8 /* Info.plist */ = {isa = PBXFileReference; lastKnownFileType = text.plist.xml; path = Info.plist; sourceTree = "<group>"; };
		B0971CF81D280536005BBEE8 /* CHTableViewController.swift */ = {isa = PBXFileReference; fileEncoding = 4; lastKnownFileType = sourcecode.swift; path = CHTableViewController.swift; sourceTree = "<group>"; };
		B0971CF91D280536005BBEE8 /* Identifiable.swift */ = {isa = PBXFileReference; fileEncoding = 4; lastKnownFileType = sourcecode.swift; path = Identifiable.swift; sourceTree = "<group>"; };
		B0971CFA1D280536005BBEE8 /* CHTableViewCell.swift */ = {isa = PBXFileReference; fileEncoding = 4; lastKnownFileType = sourcecode.swift; path = CHTableViewCell.swift; sourceTree = "<group>"; };
		B0971CFB1D280536005BBEE8 /* CHSingleCellTypeTableViewController.swift */ = {isa = PBXFileReference; fileEncoding = 4; lastKnownFileType = sourcecode.swift; path = CHSingleCellTypeTableViewController.swift; sourceTree = "<group>"; };
		B0971CFC1D280536005BBEE8 /* UITableView+Extensions.swift */ = {isa = PBXFileReference; fileEncoding = 4; lastKnownFileType = sourcecode.swift; path = "UITableView+Extensions.swift"; sourceTree = "<group>"; };
		B0971D061D280ADB005BBEE8 /* ChocolateTests.xctest */ = {isa = PBXFileReference; explicitFileType = wrapper.cfbundle; includeInIndex = 0; path = ChocolateTests.xctest; sourceTree = BUILT_PRODUCTS_DIR; };
		B0971D0A1D280ADB005BBEE8 /* Info.plist */ = {isa = PBXFileReference; lastKnownFileType = text.plist.xml; path = Info.plist; sourceTree = "<group>"; };
		B0971D111D280BC9005BBEE8 /* CHSingleCellTypeTableViewControllerTests.swift */ = {isa = PBXFileReference; fileEncoding = 4; lastKnownFileType = sourcecode.swift; path = CHSingleCellTypeTableViewControllerTests.swift; sourceTree = "<group>"; };
		B0971D131D280C44005BBEE8 /* TestTableViewCell.swift */ = {isa = PBXFileReference; fileEncoding = 4; lastKnownFileType = sourcecode.swift; path = TestTableViewCell.swift; sourceTree = "<group>"; };
		B0971D141D280C44005BBEE8 /* TestTableViewCell.xib */ = {isa = PBXFileReference; fileEncoding = 4; lastKnownFileType = file.xib; path = TestTableViewCell.xib; sourceTree = "<group>"; };
		B0971D1B1D280D3F005BBEE8 /* ChocolateExamples.app */ = {isa = PBXFileReference; explicitFileType = wrapper.application; includeInIndex = 0; path = ChocolateExamples.app; sourceTree = BUILT_PRODUCTS_DIR; };
		B0971D1D1D280D3F005BBEE8 /* AppDelegate.swift */ = {isa = PBXFileReference; lastKnownFileType = sourcecode.swift; path = AppDelegate.swift; sourceTree = "<group>"; };
		B0971D241D280D3F005BBEE8 /* Assets.xcassets */ = {isa = PBXFileReference; lastKnownFileType = folder.assetcatalog; path = Assets.xcassets; sourceTree = "<group>"; };
		B0971D271D280D3F005BBEE8 /* Base */ = {isa = PBXFileReference; lastKnownFileType = file.storyboard; name = Base; path = Base.lproj/LaunchScreen.storyboard; sourceTree = "<group>"; };
		B0971D291D280D3F005BBEE8 /* Info.plist */ = {isa = PBXFileReference; lastKnownFileType = text.plist.xml; path = Info.plist; sourceTree = "<group>"; };
		B0971D2D1D280D9D005BBEE8 /* CatalogueTableViewController.swift */ = {isa = PBXFileReference; fileEncoding = 4; lastKnownFileType = sourcecode.swift; path = CatalogueTableViewController.swift; sourceTree = "<group>"; };
		B0971D301D280DC4005BBEE8 /* DynamicCellContentTableViewController.swift */ = {isa = PBXFileReference; fileEncoding = 4; lastKnownFileType = sourcecode.swift; path = DynamicCellContentTableViewController.swift; sourceTree = "<group>"; };
		B0971D311D280DC4005BBEE8 /* TemplateTableViewCell.swift */ = {isa = PBXFileReference; fileEncoding = 4; lastKnownFileType = sourcecode.swift; path = TemplateTableViewCell.swift; sourceTree = "<group>"; };
		B0971D321D280DC4005BBEE8 /* TemplateTableViewCell.xib */ = {isa = PBXFileReference; fileEncoding = 4; lastKnownFileType = file.xib; path = TemplateTableViewCell.xib; sourceTree = "<group>"; };
/* End PBXFileReference section */

/* Begin PBXFrameworksBuildPhase section */
		B0971CE81D2804E3005BBEE8 /* Frameworks */ = {
			isa = PBXFrameworksBuildPhase;
			buildActionMask = 2147483647;
			files = (
				C6074CB8CCCF2F467D49AF68 /* Pods_Chocolate.framework in Frameworks */,
			);
			runOnlyForDeploymentPostprocessing = 0;
		};
		B0971D031D280ADB005BBEE8 /* Frameworks */ = {
			isa = PBXFrameworksBuildPhase;
			buildActionMask = 2147483647;
			files = (
				B0971D0B1D280ADB005BBEE8 /* Chocolate.framework in Frameworks */,
			);
			runOnlyForDeploymentPostprocessing = 0;
		};
		B0971D181D280D3F005BBEE8 /* Frameworks */ = {
			isa = PBXFrameworksBuildPhase;
			buildActionMask = 2147483647;
			files = (
				38C6AE610FECC734E67C49FD /* Pods_ChocolateExamples.framework in Frameworks */,
			);
			runOnlyForDeploymentPostprocessing = 0;
		};
/* End PBXFrameworksBuildPhase section */

/* Begin PBXGroup section */
		75AAD75D124C4C1EF0BD32F2 /* Pods */ = {
			isa = PBXGroup;
			children = (
				0CF87D6BC4EEA21694901986 /* Pods-Chocolate.debug.xcconfig */,
				9ED07AB182590A1D4A73CD0B /* Pods-Chocolate.release.xcconfig */,
				966BD1020331A7EB0727167C /* Pods-ChocolateExamples.debug.xcconfig */,
				4C4A2F345486FB3E63A37DD3 /* Pods-ChocolateExamples.release.xcconfig */,
			);
			name = Pods;
			sourceTree = "<group>";
		};
		B066EF9A1D28B1EE00B0AF29 /* CoreDataIntegration */ = {
			isa = PBXGroup;
			children = (
				B0956AC71D2916C7000BC8D0 /* CityEntity.swift */,
				B0956AC81D2916C7000BC8D0 /* CityEntity+CoreDataProperties.swift */,
				B066EF9B1D28B22600B0AF29 /* CoreDataIntegrationTableViewController.swift */,
			);
			path = CoreDataIntegration;
			sourceTree = "<group>";
		};
		B0971CE21D2804E3005BBEE8 = {
			isa = PBXGroup;
			children = (
				B0971CF71D280536005BBEE8 /* Source */,
				B0971CEE1D2804E3005BBEE8 /* Chocolate */,
				B0971D071D280ADB005BBEE8 /* ChocolateTests */,
				B0971D1C1D280D3F005BBEE8 /* ChocolateExamples */,
				B0971CED1D2804E3005BBEE8 /* Products */,
				75AAD75D124C4C1EF0BD32F2 /* Pods */,
				D7107378584C216ADE859B6D /* Frameworks */,
			);
			sourceTree = "<group>";
		};
		B0971CED1D2804E3005BBEE8 /* Products */ = {
			isa = PBXGroup;
			children = (
				B0971CEC1D2804E3005BBEE8 /* Chocolate.framework */,
				B0971D061D280ADB005BBEE8 /* ChocolateTests.xctest */,
				B0971D1B1D280D3F005BBEE8 /* ChocolateExamples.app */,
			);
			name = Products;
			sourceTree = "<group>";
		};
		B0971CEE1D2804E3005BBEE8 /* Chocolate */ = {
			isa = PBXGroup;
			children = (
				B0971CEF1D2804E3005BBEE8 /* Chocolate.h */,
				B0971CF11D2804E3005BBEE8 /* Info.plist */,
			);
			path = Chocolate;
			sourceTree = "<group>";
		};
		B0971CF71D280536005BBEE8 /* Source */ = {
			isa = PBXGroup;
			children = (
				B0971CF91D280536005BBEE8 /* Identifiable.swift */,
				B0971CF81D280536005BBEE8 /* CHTableViewController.swift */,
				B0971CFB1D280536005BBEE8 /* CHSingleCellTypeTableViewController.swift */,
				B0971CFA1D280536005BBEE8 /* CHTableViewCell.swift */,
				B0971CFC1D280536005BBEE8 /* UITableView+Extensions.swift */,
			);
			name = Source;
			path = ../Source;
			sourceTree = "<group>";
		};
		B0971D071D280ADB005BBEE8 /* ChocolateTests */ = {
			isa = PBXGroup;
			children = (
				B0971D111D280BC9005BBEE8 /* CHSingleCellTypeTableViewControllerTests.swift */,
				B0971D131D280C44005BBEE8 /* TestTableViewCell.swift */,
				B0971D141D280C44005BBEE8 /* TestTableViewCell.xib */,
				B0971D0A1D280ADB005BBEE8 /* Info.plist */,
			);
			path = ChocolateTests;
			sourceTree = "<group>";
		};
		B0971D1C1D280D3F005BBEE8 /* ChocolateExamples */ = {
			isa = PBXGroup;
			children = (
				B0971D1D1D280D3F005BBEE8 /* AppDelegate.swift */,
				B0971D2D1D280D9D005BBEE8 /* CatalogueTableViewController.swift */,
				B066EF9A1D28B1EE00B0AF29 /* CoreDataIntegration */,
				B0971D2F1D280DC4005BBEE8 /* DynamicCellContent */,
				B0971D241D280D3F005BBEE8 /* Assets.xcassets */,
				B0956ACB1D2916D6000BC8D0 /* Main.xcdatamodeld */,
				B0971D261D280D3F005BBEE8 /* LaunchScreen.storyboard */,
				B0971D291D280D3F005BBEE8 /* Info.plist */,
			);
			path = ChocolateExamples;
			sourceTree = "<group>";
		};
		B0971D2F1D280DC4005BBEE8 /* DynamicCellContent */ = {
			isa = PBXGroup;
			children = (
				B0971D301D280DC4005BBEE8 /* DynamicCellContentTableViewController.swift */,
				B0971D311D280DC4005BBEE8 /* TemplateTableViewCell.swift */,
				B0971D321D280DC4005BBEE8 /* TemplateTableViewCell.xib */,
			);
			path = DynamicCellContent;
			sourceTree = "<group>";
		};
		D7107378584C216ADE859B6D /* Frameworks */ = {
			isa = PBXGroup;
			children = (
				2B302192AAA4972DE59234E9 /* Pods_Chocolate.framework */,
				1781B8ED070E5E5D7FB14C01 /* Pods_ChocolateExamples.framework */,
			);
			name = Frameworks;
			sourceTree = "<group>";
		};
/* End PBXGroup section */

/* Begin PBXHeadersBuildPhase section */
		B0971CE91D2804E3005BBEE8 /* Headers */ = {
			isa = PBXHeadersBuildPhase;
			buildActionMask = 2147483647;
			files = (
				B0971CF01D2804E3005BBEE8 /* Chocolate.h in Headers */,
			);
			runOnlyForDeploymentPostprocessing = 0;
		};
/* End PBXHeadersBuildPhase section */

/* Begin PBXNativeTarget section */
		B0971CEB1D2804E3005BBEE8 /* Chocolate */ = {
			isa = PBXNativeTarget;
			buildConfigurationList = B0971CF41D2804E3005BBEE8 /* Build configuration list for PBXNativeTarget "Chocolate" */;
			buildPhases = (
				FD9CF18B0194B467AEB935B6 /* [CP] Check Pods Manifest.lock */,
				B0971CE71D2804E3005BBEE8 /* Sources */,
				B0971CE81D2804E3005BBEE8 /* Frameworks */,
				B0971CE91D2804E3005BBEE8 /* Headers */,
				B0971CEA1D2804E3005BBEE8 /* Resources */,
				B6157227CC4F39AAE9DB1DE1 /* [CP] Copy Pods Resources */,
			);
			buildRules = (
			);
			dependencies = (
			);
			name = Chocolate;
			productName = Chocolate;
			productReference = B0971CEC1D2804E3005BBEE8 /* Chocolate.framework */;
			productType = "com.apple.product-type.framework";
		};
		B0971D051D280ADB005BBEE8 /* ChocolateTests */ = {
			isa = PBXNativeTarget;
			buildConfigurationList = B0971D0E1D280ADB005BBEE8 /* Build configuration list for PBXNativeTarget "ChocolateTests" */;
			buildPhases = (
				B0971D021D280ADB005BBEE8 /* Sources */,
				B0971D031D280ADB005BBEE8 /* Frameworks */,
				B0971D041D280ADB005BBEE8 /* Resources */,
			);
			buildRules = (
			);
			dependencies = (
				B0971D0D1D280ADB005BBEE8 /* PBXTargetDependency */,
			);
			name = ChocolateTests;
			productName = ChocolateTests;
			productReference = B0971D061D280ADB005BBEE8 /* ChocolateTests.xctest */;
			productType = "com.apple.product-type.bundle.unit-test";
		};
		B0971D1A1D280D3F005BBEE8 /* ChocolateExamples */ = {
			isa = PBXNativeTarget;
			buildConfigurationList = B0971D2A1D280D3F005BBEE8 /* Build configuration list for PBXNativeTarget "ChocolateExamples" */;
			buildPhases = (
				2DC74A54798D98EFB7FA219E /* [CP] Check Pods Manifest.lock */,
				B0971D171D280D3F005BBEE8 /* Sources */,
				B0971D181D280D3F005BBEE8 /* Frameworks */,
				B0971D191D280D3F005BBEE8 /* Resources */,
				FFC0D5BCE8074E50C924EE91 /* [CP] Embed Pods Frameworks */,
				76642D305133E5007A045084 /* [CP] Copy Pods Resources */,
			);
			buildRules = (
			);
			dependencies = (
			);
			name = ChocolateExamples;
			productName = ChocolateExamples;
			productReference = B0971D1B1D280D3F005BBEE8 /* ChocolateExamples.app */;
			productType = "com.apple.product-type.application";
		};
/* End PBXNativeTarget section */

/* Begin PBXProject section */
		B0971CE31D2804E3005BBEE8 /* Project object */ = {
			isa = PBXProject;
			attributes = {
				LastSwiftUpdateCheck = 0800;
				LastUpgradeCheck = 0800;
				ORGANIZATIONNAME = "Tiny World";
				TargetAttributes = {
					B0971CEB1D2804E3005BBEE8 = {
						CreatedOnToolsVersion = 8.0;
						DevelopmentTeam = 5CE6946X84;
						DevelopmentTeamName = "Yu Chi Hsu";
						ProvisioningStyle = Automatic;
					};
					B0971D051D280ADB005BBEE8 = {
						CreatedOnToolsVersion = 8.0;
						DevelopmentTeam = 5CE6946X84;
						DevelopmentTeamName = "Yu Chi Hsu";
						ProvisioningStyle = Automatic;
					};
					B0971D1A1D280D3F005BBEE8 = {
						CreatedOnToolsVersion = 8.0;
						DevelopmentTeam = 5CE6946X84;
						DevelopmentTeamName = "Yu Chi Hsu";
						ProvisioningStyle = Automatic;
					};
				};
			};
			buildConfigurationList = B0971CE61D2804E3005BBEE8 /* Build configuration list for PBXProject "Chocolate" */;
			compatibilityVersion = "Xcode 3.2";
			developmentRegion = English;
			hasScannedForEncodings = 0;
			knownRegions = (
				en,
				Base,
			);
			mainGroup = B0971CE21D2804E3005BBEE8;
			productRefGroup = B0971CED1D2804E3005BBEE8 /* Products */;
			projectDirPath = "";
			projectRoot = "";
			targets = (
				B0971CEB1D2804E3005BBEE8 /* Chocolate */,
				B0971D051D280ADB005BBEE8 /* ChocolateTests */,
				B0971D1A1D280D3F005BBEE8 /* ChocolateExamples */,
			);
		};
/* End PBXProject section */

/* Begin PBXResourcesBuildPhase section */
		B0971CEA1D2804E3005BBEE8 /* Resources */ = {
			isa = PBXResourcesBuildPhase;
			buildActionMask = 2147483647;
			files = (
			);
			runOnlyForDeploymentPostprocessing = 0;
		};
		B0971D041D280ADB005BBEE8 /* Resources */ = {
			isa = PBXResourcesBuildPhase;
			buildActionMask = 2147483647;
			files = (
				B0971D161D280C44005BBEE8 /* TestTableViewCell.xib in Resources */,
			);
			runOnlyForDeploymentPostprocessing = 0;
		};
		B0971D191D280D3F005BBEE8 /* Resources */ = {
			isa = PBXResourcesBuildPhase;
			buildActionMask = 2147483647;
			files = (
				B0971D351D280DC4005BBEE8 /* TemplateTableViewCell.xib in Resources */,
				B0971D281D280D3F005BBEE8 /* LaunchScreen.storyboard in Resources */,
				B0971D251D280D3F005BBEE8 /* Assets.xcassets in Resources */,
			);
			runOnlyForDeploymentPostprocessing = 0;
		};
/* End PBXResourcesBuildPhase section */

/* Begin PBXShellScriptBuildPhase section */
		2DC74A54798D98EFB7FA219E /* [CP] Check Pods Manifest.lock */ = {
			isa = PBXShellScriptBuildPhase;
			buildActionMask = 2147483647;
			files = (
			);
			inputPaths = (
			);
			name = "[CP] Check Pods Manifest.lock";
			outputPaths = (
			);
			runOnlyForDeploymentPostprocessing = 0;
			shellPath = /bin/sh;
			shellScript = "diff \"${PODS_ROOT}/../Podfile.lock\" \"${PODS_ROOT}/Manifest.lock\" > /dev/null\nif [[ $? != 0 ]] ; then\n    cat << EOM\nerror: The sandbox is not in sync with the Podfile.lock. Run 'pod install' or update your CocoaPods installation.\nEOM\n    exit 1\nfi\n";
			showEnvVarsInLog = 0;
		};
		76642D305133E5007A045084 /* [CP] Copy Pods Resources */ = {
			isa = PBXShellScriptBuildPhase;
			buildActionMask = 2147483647;
			files = (
			);
			inputPaths = (
			);
			name = "[CP] Copy Pods Resources";
			outputPaths = (
			);
			runOnlyForDeploymentPostprocessing = 0;
			shellPath = /bin/sh;
			shellScript = "\"${SRCROOT}/Pods/Target Support Files/Pods-ChocolateExamples/Pods-ChocolateExamples-resources.sh\"\n";
			showEnvVarsInLog = 0;
		};
		B6157227CC4F39AAE9DB1DE1 /* [CP] Copy Pods Resources */ = {
			isa = PBXShellScriptBuildPhase;
			buildActionMask = 2147483647;
			files = (
			);
			inputPaths = (
			);
			name = "[CP] Copy Pods Resources";
			outputPaths = (
			);
			runOnlyForDeploymentPostprocessing = 0;
			shellPath = /bin/sh;
			shellScript = "\"${SRCROOT}/Pods/Target Support Files/Pods-Chocolate/Pods-Chocolate-resources.sh\"\n";
			showEnvVarsInLog = 0;
		};
		FD9CF18B0194B467AEB935B6 /* [CP] Check Pods Manifest.lock */ = {
			isa = PBXShellScriptBuildPhase;
			buildActionMask = 2147483647;
			files = (
			);
			inputPaths = (
			);
			name = "[CP] Check Pods Manifest.lock";
			outputPaths = (
			);
			runOnlyForDeploymentPostprocessing = 0;
			shellPath = /bin/sh;
			shellScript = "diff \"${PODS_ROOT}/../Podfile.lock\" \"${PODS_ROOT}/Manifest.lock\" > /dev/null\nif [[ $? != 0 ]] ; then\n    cat << EOM\nerror: The sandbox is not in sync with the Podfile.lock. Run 'pod install' or update your CocoaPods installation.\nEOM\n    exit 1\nfi\n";
			showEnvVarsInLog = 0;
		};
		FFC0D5BCE8074E50C924EE91 /* [CP] Embed Pods Frameworks */ = {
			isa = PBXShellScriptBuildPhase;
			buildActionMask = 2147483647;
			files = (
			);
			inputPaths = (
			);
			name = "[CP] Embed Pods Frameworks";
			outputPaths = (
			);
			runOnlyForDeploymentPostprocessing = 0;
			shellPath = /bin/sh;
			shellScript = "\"${SRCROOT}/Pods/Target Support Files/Pods-ChocolateExamples/Pods-ChocolateExamples-frameworks.sh\"\n";
			showEnvVarsInLog = 0;
		};
/* End PBXShellScriptBuildPhase section */

/* Begin PBXSourcesBuildPhase section */
		B0971CE71D2804E3005BBEE8 /* Sources */ = {
			isa = PBXSourcesBuildPhase;
			buildActionMask = 2147483647;
			files = (
				B0971D011D280536005BBEE8 /* UITableView+Extensions.swift in Sources */,
				B0971D001D280536005BBEE8 /* CHSingleCellTypeTableViewController.swift in Sources */,
				B0971CFD1D280536005BBEE8 /* CHTableViewController.swift in Sources */,
				B0971CFE1D280536005BBEE8 /* Identifiable.swift in Sources */,
				B0971CFF1D280536005BBEE8 /* CHTableViewCell.swift in Sources */,
			);
			runOnlyForDeploymentPostprocessing = 0;
		};
		B0971D021D280ADB005BBEE8 /* Sources */ = {
			isa = PBXSourcesBuildPhase;
			buildActionMask = 2147483647;
			files = (
				B0971D121D280BC9005BBEE8 /* CHSingleCellTypeTableViewControllerTests.swift in Sources */,
				B0971D151D280C44005BBEE8 /* TestTableViewCell.swift in Sources */,
			);
			runOnlyForDeploymentPostprocessing = 0;
		};
		B0971D171D280D3F005BBEE8 /* Sources */ = {
			isa = PBXSourcesBuildPhase;
			buildActionMask = 2147483647;
			files = (
				B0971D1E1D280D3F005BBEE8 /* AppDelegate.swift in Sources */,
				B0956AC91D2916C7000BC8D0 /* CityEntity.swift in Sources */,
				B0971D341D280DC4005BBEE8 /* TemplateTableViewCell.swift in Sources */,
				B0956ACA1D2916C7000BC8D0 /* CityEntity+CoreDataProperties.swift in Sources */,
				B0971D331D280DC4005BBEE8 /* DynamicCellContentTableViewController.swift in Sources */,
				B0971D2E1D280D9D005BBEE8 /* CatalogueTableViewController.swift in Sources */,
				B0956ACD1D2916D6000BC8D0 /* Main.xcdatamodeld in Sources */,
				B066EF9C1D28B22600B0AF29 /* CoreDataIntegrationTableViewController.swift in Sources */,
			);
			runOnlyForDeploymentPostprocessing = 0;
		};
/* End PBXSourcesBuildPhase section */

/* Begin PBXTargetDependency section */
		B0971D0D1D280ADB005BBEE8 /* PBXTargetDependency */ = {
			isa = PBXTargetDependency;
			target = B0971CEB1D2804E3005BBEE8 /* Chocolate */;
			targetProxy = B0971D0C1D280ADB005BBEE8 /* PBXContainerItemProxy */;
		};
/* End PBXTargetDependency section */

/* Begin PBXVariantGroup section */
		B0971D261D280D3F005BBEE8 /* LaunchScreen.storyboard */ = {
			isa = PBXVariantGroup;
			children = (
				B0971D271D280D3F005BBEE8 /* Base */,
			);
			name = LaunchScreen.storyboard;
			sourceTree = "<group>";
		};
/* End PBXVariantGroup section */

/* Begin XCBuildConfiguration section */
		B0971CF21D2804E3005BBEE8 /* Debug */ = {
			isa = XCBuildConfiguration;
			buildSettings = {
				ALWAYS_SEARCH_USER_PATHS = NO;
				CLANG_ANALYZER_NONNULL = YES;
				CLANG_CXX_LANGUAGE_STANDARD = "gnu++0x";
				CLANG_CXX_LIBRARY = "libc++";
				CLANG_ENABLE_MODULES = YES;
				CLANG_ENABLE_OBJC_ARC = YES;
				CLANG_WARN_BOOL_CONVERSION = YES;
				CLANG_WARN_CONSTANT_CONVERSION = YES;
				CLANG_WARN_DIRECT_OBJC_ISA_USAGE = YES_ERROR;
				CLANG_WARN_DOCUMENTATION_COMMENTS = YES;
				CLANG_WARN_EMPTY_BODY = YES;
				CLANG_WARN_ENUM_CONVERSION = YES;
				CLANG_WARN_INT_CONVERSION = YES;
				CLANG_WARN_OBJC_ROOT_CLASS = YES_ERROR;
				CLANG_WARN_UNREACHABLE_CODE = YES;
				CLANG_WARN__DUPLICATE_METHOD_MATCH = YES;
				"CODE_SIGN_IDENTITY[sdk=iphoneos*]" = "iPhone Developer";
				COPY_PHASE_STRIP = NO;
				CURRENT_PROJECT_VERSION = 1;
				DEBUG_INFORMATION_FORMAT = dwarf;
				ENABLE_STRICT_OBJC_MSGSEND = YES;
				ENABLE_TESTABILITY = YES;
				GCC_C_LANGUAGE_STANDARD = gnu99;
				GCC_DYNAMIC_NO_PIC = NO;
				GCC_NO_COMMON_BLOCKS = YES;
				GCC_OPTIMIZATION_LEVEL = 0;
				GCC_PREPROCESSOR_DEFINITIONS = (
					"DEBUG=1",
					"$(inherited)",
				);
				GCC_WARN_64_TO_32_BIT_CONVERSION = YES;
				GCC_WARN_ABOUT_RETURN_TYPE = YES_ERROR;
				GCC_WARN_UNDECLARED_SELECTOR = YES;
				GCC_WARN_UNINITIALIZED_AUTOS = YES_AGGRESSIVE;
				GCC_WARN_UNUSED_FUNCTION = YES;
				GCC_WARN_UNUSED_VARIABLE = YES;
				IPHONEOS_DEPLOYMENT_TARGET = 8.0;
				MTL_ENABLE_DEBUG_INFO = YES;
				ONLY_ACTIVE_ARCH = YES;
				SDKROOT = iphoneos;
				SWIFT_ACTIVE_COMPILATION_CONDITIONS = DEBUG;
				SWIFT_OPTIMIZATION_LEVEL = "-Onone";
				TARGETED_DEVICE_FAMILY = "1,2";
				VERSIONING_SYSTEM = "apple-generic";
				VERSION_INFO_PREFIX = "";
			};
			name = Debug;
		};
		B0971CF31D2804E3005BBEE8 /* Release */ = {
			isa = XCBuildConfiguration;
			buildSettings = {
				ALWAYS_SEARCH_USER_PATHS = NO;
				CLANG_ANALYZER_NONNULL = YES;
				CLANG_CXX_LANGUAGE_STANDARD = "gnu++0x";
				CLANG_CXX_LIBRARY = "libc++";
				CLANG_ENABLE_MODULES = YES;
				CLANG_ENABLE_OBJC_ARC = YES;
				CLANG_WARN_BOOL_CONVERSION = YES;
				CLANG_WARN_CONSTANT_CONVERSION = YES;
				CLANG_WARN_DIRECT_OBJC_ISA_USAGE = YES_ERROR;
				CLANG_WARN_DOCUMENTATION_COMMENTS = YES;
				CLANG_WARN_EMPTY_BODY = YES;
				CLANG_WARN_ENUM_CONVERSION = YES;
				CLANG_WARN_INT_CONVERSION = YES;
				CLANG_WARN_OBJC_ROOT_CLASS = YES_ERROR;
				CLANG_WARN_UNREACHABLE_CODE = YES;
				CLANG_WARN__DUPLICATE_METHOD_MATCH = YES;
				"CODE_SIGN_IDENTITY[sdk=iphoneos*]" = "iPhone Developer";
				COPY_PHASE_STRIP = NO;
				CURRENT_PROJECT_VERSION = 1;
				DEBUG_INFORMATION_FORMAT = "dwarf-with-dsym";
				ENABLE_NS_ASSERTIONS = NO;
				ENABLE_STRICT_OBJC_MSGSEND = YES;
				GCC_C_LANGUAGE_STANDARD = gnu99;
				GCC_NO_COMMON_BLOCKS = YES;
				GCC_WARN_64_TO_32_BIT_CONVERSION = YES;
				GCC_WARN_ABOUT_RETURN_TYPE = YES_ERROR;
				GCC_WARN_UNDECLARED_SELECTOR = YES;
				GCC_WARN_UNINITIALIZED_AUTOS = YES_AGGRESSIVE;
				GCC_WARN_UNUSED_FUNCTION = YES;
				GCC_WARN_UNUSED_VARIABLE = YES;
				IPHONEOS_DEPLOYMENT_TARGET = 8.0;
				MTL_ENABLE_DEBUG_INFO = NO;
				SDKROOT = iphoneos;
				SWIFT_OPTIMIZATION_LEVEL = "-Owholemodule";
				TARGETED_DEVICE_FAMILY = "1,2";
				VALIDATE_PRODUCT = YES;
				VERSIONING_SYSTEM = "apple-generic";
				VERSION_INFO_PREFIX = "";
			};
			name = Release;
		};
		B0971CF51D2804E3005BBEE8 /* Debug */ = {
			isa = XCBuildConfiguration;
			baseConfigurationReference = 0CF87D6BC4EEA21694901986 /* Pods-Chocolate.debug.xcconfig */;
			buildSettings = {
				ALWAYS_EMBED_SWIFT_STANDARD_LIBRARIES = YES;
				DEFINES_MODULE = YES;
				DYLIB_COMPATIBILITY_VERSION = 1;
				DYLIB_CURRENT_VERSION = 1;
				DYLIB_INSTALL_NAME_BASE = "@rpath";
				INFOPLIST_FILE = Chocolate/Info.plist;
				INSTALL_PATH = "$(LOCAL_LIBRARY_DIR)/Frameworks";
				LD_RUNPATH_SEARCH_PATHS = "$(inherited) @executable_path/Frameworks @loader_path/Frameworks";
				PRODUCT_BUNDLE_IDENTIFIER = com.tinyworld.Chocolate;
				PRODUCT_NAME = "$(TARGET_NAME)";
				SKIP_INSTALL = YES;
				SWIFT_VERSION = 3.0;
			};
			name = Debug;
		};
		B0971CF61D2804E3005BBEE8 /* Release */ = {
			isa = XCBuildConfiguration;
			baseConfigurationReference = 9ED07AB182590A1D4A73CD0B /* Pods-Chocolate.release.xcconfig */;
			buildSettings = {
				ALWAYS_EMBED_SWIFT_STANDARD_LIBRARIES = YES;
				DEFINES_MODULE = YES;
				DYLIB_COMPATIBILITY_VERSION = 1;
				DYLIB_CURRENT_VERSION = 1;
				DYLIB_INSTALL_NAME_BASE = "@rpath";
				INFOPLIST_FILE = Chocolate/Info.plist;
				INSTALL_PATH = "$(LOCAL_LIBRARY_DIR)/Frameworks";
				LD_RUNPATH_SEARCH_PATHS = "$(inherited) @executable_path/Frameworks @loader_path/Frameworks";
				PRODUCT_BUNDLE_IDENTIFIER = com.tinyworld.Chocolate;
				PRODUCT_NAME = "$(TARGET_NAME)";
				SKIP_INSTALL = YES;
				SWIFT_VERSION = 3.0;
			};
			name = Release;
		};
		B0971D0F1D280ADB005BBEE8 /* Debug */ = {
			isa = XCBuildConfiguration;
			buildSettings = {
				INFOPLIST_FILE = ChocolateTests/Info.plist;
				IPHONEOS_DEPLOYMENT_TARGET = 10.0;
				LD_RUNPATH_SEARCH_PATHS = "$(inherited) @executable_path/Frameworks @loader_path/Frameworks";
				PRODUCT_BUNDLE_IDENTIFIER = com.tinyworld.ChocolateTests;
				PRODUCT_NAME = "$(TARGET_NAME)";
				SWIFT_VERSION = 3.0;
			};
			name = Debug;
		};
		B0971D101D280ADB005BBEE8 /* Release */ = {
			isa = XCBuildConfiguration;
			buildSettings = {
				INFOPLIST_FILE = ChocolateTests/Info.plist;
				IPHONEOS_DEPLOYMENT_TARGET = 10.0;
				LD_RUNPATH_SEARCH_PATHS = "$(inherited) @executable_path/Frameworks @loader_path/Frameworks";
				PRODUCT_BUNDLE_IDENTIFIER = com.tinyworld.ChocolateTests;
				PRODUCT_NAME = "$(TARGET_NAME)";
				SWIFT_VERSION = 3.0;
			};
			name = Release;
		};
		B0971D2B1D280D3F005BBEE8 /* Debug */ = {
			isa = XCBuildConfiguration;
			baseConfigurationReference = 966BD1020331A7EB0727167C /* Pods-ChocolateExamples.debug.xcconfig */;
			buildSettings = {
				ASSETCATALOG_COMPILER_APPICON_NAME = AppIcon;
				INFOPLIST_FILE = ChocolateExamples/Info.plist;
				IPHONEOS_DEPLOYMENT_TARGET = 8.0;
				LD_RUNPATH_SEARCH_PATHS = "$(inherited) @executable_path/Frameworks";
				PRODUCT_BUNDLE_IDENTIFIER = com.tinyworld.ChocolateExamples;
				PRODUCT_NAME = "$(TARGET_NAME)";
				SWIFT_VERSION = 3.0;
			};
			name = Debug;
		};
		B0971D2C1D280D3F005BBEE8 /* Release */ = {
			isa = XCBuildConfiguration;
			baseConfigurationReference = 4C4A2F345486FB3E63A37DD3 /* Pods-ChocolateExamples.release.xcconfig */;
			buildSettings = {
				ASSETCATALOG_COMPILER_APPICON_NAME = AppIcon;
				INFOPLIST_FILE = ChocolateExamples/Info.plist;
				IPHONEOS_DEPLOYMENT_TARGET = 8.0;
				LD_RUNPATH_SEARCH_PATHS = "$(inherited) @executable_path/Frameworks";
				PRODUCT_BUNDLE_IDENTIFIER = com.tinyworld.ChocolateExamples;
				PRODUCT_NAME = "$(TARGET_NAME)";
				SWIFT_VERSION = 3.0;
			};
			name = Release;
		};
/* End XCBuildConfiguration section */

/* Begin XCConfigurationList section */
		B0971CE61D2804E3005BBEE8 /* Build configuration list for PBXProject "Chocolate" */ = {
			isa = XCConfigurationList;
			buildConfigurations = (
				B0971CF21D2804E3005BBEE8 /* Debug */,
				B0971CF31D2804E3005BBEE8 /* Release */,
			);
			defaultConfigurationIsVisible = 0;
			defaultConfigurationName = Release;
		};
		B0971CF41D2804E3005BBEE8 /* Build configuration list for PBXNativeTarget "Chocolate" */ = {
			isa = XCConfigurationList;
			buildConfigurations = (
				B0971CF51D2804E3005BBEE8 /* Debug */,
				B0971CF61D2804E3005BBEE8 /* Release */,
			);
			defaultConfigurationIsVisible = 0;
			defaultConfigurationName = Release;
		};
		B0971D0E1D280ADB005BBEE8 /* Build configuration list for PBXNativeTarget "ChocolateTests" */ = {
			isa = XCConfigurationList;
			buildConfigurations = (
				B0971D0F1D280ADB005BBEE8 /* Debug */,
				B0971D101D280ADB005BBEE8 /* Release */,
			);
			defaultConfigurationIsVisible = 0;
			defaultConfigurationName = Release;
		};
		B0971D2A1D280D3F005BBEE8 /* Build configuration list for PBXNativeTarget "ChocolateExamples" */ = {
			isa = XCConfigurationList;
			buildConfigurations = (
				B0971D2B1D280D3F005BBEE8 /* Debug */,
				B0971D2C1D280D3F005BBEE8 /* Release */,
			);
			defaultConfigurationIsVisible = 0;
			defaultConfigurationName = Release;
		};
/* End XCConfigurationList section */

/* Begin XCVersionGroup section */
		B0956ACB1D2916D6000BC8D0 /* Main.xcdatamodeld */ = {
			isa = XCVersionGroup;
			children = (
				B0956ACC1D2916D6000BC8D0 /* Main.xcdatamodel */,
			);
			currentVersion = B0956ACC1D2916D6000BC8D0 /* Main.xcdatamodel */;
			path = Main.xcdatamodeld;
			sourceTree = "<group>";
			versionGroupType = wrapper.xcdatamodel;
		};
/* End XCVersionGroup section */
	};
	rootObject = B0971CE31D2804E3005BBEE8 /* Project object */;
}
