PODS:
  - CHFoundation (0.4.1):
    - PromiseKit (= 4.0.1)
  - PromiseKit (4.0.1):
    - PromiseKit/Foundation (= 4.0.1)
    - PromiseKit/QuartzCore (= 4.0.1)
    - PromiseKit/UIKit (= 4.0.1)
  - PromiseKit/CorePromise (4.0.1)
  - PromiseKit/Foundation (4.0.1):
    - PromiseKit/CorePromise
  - PromiseKit/QuartzCore (4.0.1):
    - PromiseKit/CorePromise
  - PromiseKit/UIKit (4.0.1):
    - PromiseKit/CorePromise

DEPENDENCIES:
  - CHFoundation (= 0.4.1)

SPEC CHECKSUMS:
  CHFoundation: b452fda73e940245183f053a37fc26d3ff0452ba
  PromiseKit: ae9e7f97ee758e23f7b9c5e80380a2e78d6338c5

PODFILE CHECKSUM: 8533bff5ac13f38a8e674bb0df429236e487b334

COCOAPODS: 1.0.1
