PODS:
  - CHFoundation (0.2)
  - moa (4.0.0)

DEPENDENCIES:
  - CHFoundation (= 0.2)
  - moa (= 4.0.0)

SPEC CHECKSUMS:
  CHFoundation: 7e46fe1550742f1e88397e80e271d5b6530ded07
  moa: 5958c6282743c95eda68d2344fea7c196bfb1313

PODFILE CHECKSUM: 51897980d801238c3504aa7b8b4646b9c6fb3ba1

COCOAPODS: 1.0.1
